
Microsoft Visual Studio Solution File, Format Version 12.00
# Visual Studio Version 17
VisualStudioVersion = 17.0.31314.256
MinimumVisualStudioVersion = 10.0.40219.1
Project("{2150E333-8FDC-42A3-9474-1A3956D46DE8}") = "Automation", "Automation", "{0BFBE63A-B98A-3411-8EEB-8918FEC737B3}"
EndProject
Project("{2150E333-8FDC-42A3-9474-1A3956D46DE8}") = "Engine", "Engine", "{233774A8-CC9D-3FA9-86D1-90573E92B704}"
EndProject
Project("{2150E333-8FDC-42A3-9474-1A3956D46DE8}") = "Games", "Games", "{DE1F8B53-6C02-3C13-9101-A7C8D96F3FF6}"
EndProject
Project("{2150E333-8FDC-42A3-9474-1A3956D46DE8}") = "Programs", "Programs", "{A338B9E2-A559-34BE-A46D-F789DD488FAD}"
EndProject
Project("{2150E333-8FDC-42A3-9474-1A3956D46DE8}") = "Rules", "Rules", "{C2F57ECE-B26F-39D8-BDA7-C1D40BD8F180}"
EndProject
Project("{2150E333-8FDC-42A3-9474-1A3956D46DE8}") = "Shared", "Shared", "{57713676-9DBE-331C-AD10-26632AC9EE0C}"
EndProject
Project("{2150E333-8FDC-42A3-9474-1A3956D46DE8}") = "UnrealBuildTool.Plugins", "UnrealBuildTool.Plugins", "{7B5CFB44-F0FB-31DF-AE62-C3C096A29A7B}"
EndProject
Project("{8BC9CEB8-8B4A-11D0-8D11-00A0C91BC942}") = "UE5", "Intermediate\ProjectFiles\UE5.vcxproj", "{B5B954C0-AF1D-30FF-AA90-839B8B47014D}"
EndProject
Project("{8BC9CEB8-8B4A-11D0-8D11-00A0C91BC942}") = "Slapcast", "Intermediate\ProjectFiles\Slapcast.vcxproj", "{F0B2A378-B6E7-3699-815F-19E84D6A0DD6}"
	ProjectSection(ProjectDependencies) = postProject
		{2546A7FF-78C8-364B-A5CF-8F828C3F32C9} = {2546A7FF-78C8-364B-A5CF-8F828C3F32C9}
	EndProjectSection
EndProject
Project("{FAE04EC0-301F-11D3-BF4B-00C04F79EFBC}") = "UnrealBuildTool", "..\..\..\..\..\Program Files\Epic Games\5.5\Engine\Source\Programs\UnrealBuildTool\UnrealBuildTool.csproj", "{2546A7FF-78C8-364B-A5CF-8F828C3F32C9}"
EndProject
Project("{FAE04EC0-301F-11D3-BF4B-00C04F79EFBC}") = "AutomationTool", "..\..\..\..\..\Program Files\Epic Games\5.5\Engine\Source\Programs\AutomationTool\AutomationTool.csproj", "{3B5E71E9-2157-3F30-A255-746C16BC98FC}"
EndProject
Project("{FAE04EC0-301F-11D3-BF4B-00C04F79EFBC}") = "Android.Automation", "..\..\..\..\..\Program Files\Epic Games\5.5\Engine\Source\Programs\AutomationTool\Android\Android.Automation.csproj", "{C68D4DDE-F0CF-3E70-9D1F-06421903C022}"
EndProject
Project("{FAE04EC0-301F-11D3-BF4B-00C04F79EFBC}") = "Apple.Automation", "..\..\..\..\..\Program Files\Epic Games\5.5\Engine\Source\Programs\AutomationTool\Apple\Apple.Automation.csproj", "{E644A338-8A46-3AC0-9359-073385C0E394}"
EndProject
Project("{FAE04EC0-301F-11D3-BF4B-00C04F79EFBC}") = "AutomationUtils.Automation", "..\..\..\..\..\Program Files\Epic Games\5.5\Engine\Source\Programs\AutomationTool\AutomationUtils\AutomationUtils.Automation.csproj", "{45401654-6855-3B74-9861-2A75E421F608}"
EndProject
Project("{FAE04EC0-301F-11D3-BF4B-00C04F79EFBC}") = "BuildGraph.Automation", "..\..\..\..\..\Program Files\Epic Games\5.5\Engine\Source\Programs\AutomationTool\BuildGraph\BuildGraph.Automation.csproj", "{BDA2CC55-790D-3365-A6BE-7F2D6AAD9C2F}"
EndProject
Project("{FAE04EC0-301F-11D3-BF4B-00C04F79EFBC}") = "CookedEditor.Automation", "..\..\..\..\..\Program Files\Epic Games\5.5\Engine\Source\Programs\AutomationTool\CookedEditor\CookedEditor.Automation.csproj", "{AF32ECA3-30D8-3250-B628-6E75A6CD5072}"
EndProject
Project("{FAE04EC0-301F-11D3-BF4B-00C04F79EFBC}") = "CrowdinLocalization.Automation", "..\..\..\..\..\Program Files\Epic Games\5.5\Engine\Source\Programs\AutomationTool\CrowdinLocalization\CrowdinLocalization.Automation.csproj", "{584C6645-53F0-332E-9033-6E6AA74A6F7F}"
EndProject
Project("{FAE04EC0-301F-11D3-BF4B-00C04F79EFBC}") = "Gauntlet.Automation", "..\..\..\..\..\Program Files\Epic Games\5.5\Engine\Source\Programs\AutomationTool\Gauntlet\Gauntlet.Automation.csproj", "{64886482-11B6-34F1-9D59-7E2E5609C327}"
EndProject
Project("{FAE04EC0-301F-11D3-BF4B-00C04F79EFBC}") = "IOS.Automation", "..\..\..\..\..\Program Files\Epic Games\5.5\Engine\Source\Programs\AutomationTool\IOS\IOS.Automation.csproj", "{2AF50F20-305D-3CFB-AA39-472BFC1D9000}"
EndProject
Project("{FAE04EC0-301F-11D3-BF4B-00C04F79EFBC}") = "Linux.Automation", "..\..\..\..\..\Program Files\Epic Games\5.5\Engine\Source\Programs\AutomationTool\Linux\Linux.Automation.csproj", "{72C25C5B-D695-3337-B86D-5E424BD257EE}"
EndProject
Project("{FAE04EC0-301F-11D3-BF4B-00C04F79EFBC}") = "LiveLinkHub.Automation", "..\..\..\..\..\Program Files\Epic Games\5.5\Engine\Source\Programs\AutomationTool\LiveLinkHub\LiveLinkHub.Automation.csproj", "{FE1AFD7D-6255-3E34-B5EA-8F247173BA08}"
EndProject
Project("{FAE04EC0-301F-11D3-BF4B-00C04F79EFBC}") = "Localization.Automation", "..\..\..\..\..\Program Files\Epic Games\5.5\Engine\Source\Programs\AutomationTool\Localization\Localization.Automation.csproj", "{3831C2E0-5CE6-38EE-A9B3-374B8CF80794}"
EndProject
Project("{FAE04EC0-301F-11D3-BF4B-00C04F79EFBC}") = "LowLevelTests.Automation", "..\..\..\..\..\Program Files\Epic Games\5.5\Engine\Source\Programs\AutomationTool\LowLevelTests\LowLevelTests.Automation.csproj", "{92D97D96-F3FB-32B5-BFBC-CF98847FE66B}"
EndProject
Project("{FAE04EC0-301F-11D3-BF4B-00C04F79EFBC}") = "Mac.Automation", "..\..\..\..\..\Program Files\Epic Games\5.5\Engine\Source\Programs\AutomationTool\Mac\Mac.Automation.csproj", "{F9111F37-77BA-36CB-BF0A-EBEF5F15DC3B}"
EndProject
Project("{FAE04EC0-301F-11D3-BF4B-00C04F79EFBC}") = "RunMutableCommandlet.Automation", "..\..\..\..\..\Program Files\Epic Games\5.5\Engine\Source\Programs\AutomationTool\Mutable\RunMutableCommandlet\RunMutableCommandlet.Automation.csproj", "{41BE2E5D-7EC6-3159-97AA-118B6CD4906D}"
EndProject
Project("{FAE04EC0-301F-11D3-BF4B-00C04F79EFBC}") = "OneSkyLocalization.Automation", "..\..\..\..\..\Program Files\Epic Games\5.5\Engine\Source\Programs\AutomationTool\OneSkyLocalization\OneSkyLocalization.Automation.csproj", "{84EB63DC-25CD-38D3-AE67-3293685D4BE7}"
EndProject
Project("{FAE04EC0-301F-11D3-BF4B-00C04F79EFBC}") = "AutomationScripts.Automation", "..\..\..\..\..\Program Files\Epic Games\5.5\Engine\Source\Programs\AutomationTool\Scripts\AutomationScripts.Automation.csproj", "{2D7128ED-C2E5-3AF8-AEC9-29773B755C35}"
EndProject
Project("{FAE04EC0-301F-11D3-BF4B-00C04F79EFBC}") = "SmartlingLocalization.Automation", "..\..\..\..\..\Program Files\Epic Games\5.5\Engine\Source\Programs\AutomationTool\SmartlingLocalization\SmartlingLocalization.Automation.csproj", "{0E9FF09D-6FD2-3588-A313-111BFCBE1511}"
EndProject
Project("{FAE04EC0-301F-11D3-BF4B-00C04F79EFBC}") = "SteamDeck.Automation", "..\..\..\..\..\Program Files\Epic Games\5.5\Engine\Source\Programs\AutomationTool\SteamDeck\SteamDeck.Automation.csproj", "{5E939C44-0EED-3DA7-850B-5718E5A78B7C}"
EndProject
Project("{FAE04EC0-301F-11D3-BF4B-00C04F79EFBC}") = "TVOS.Automation", "..\..\..\..\..\Program Files\Epic Games\5.5\Engine\Source\Programs\AutomationTool\TVOS\TVOS.Automation.csproj", "{CC5534D2-9AC1-3EB3-9A86-27E7D52D1C68}"
EndProject
Project("{FAE04EC0-301F-11D3-BF4B-00C04F79EFBC}") = "Turnkey.Automation", "..\..\..\..\..\Program Files\Epic Games\5.5\Engine\Source\Programs\AutomationTool\Turnkey\Turnkey.Automation.csproj", "{2AF9FB07-0E40-3B3A-B09C-5D5FF9967EFC}"
EndProject
Project("{FAE04EC0-301F-11D3-BF4B-00C04F79EFBC}") = "Win.Automation", "..\..\..\..\..\Program Files\Epic Games\5.5\Engine\Source\Programs\AutomationTool\Win\Win.Automation.csproj", "{E09C18FC-77F4-3BF2-AAA5-53471742C3F0}"
EndProject
Project("{FAE04EC0-301F-11D3-BF4B-00C04F79EFBC}") = "XLocLocalization.Automation", "..\..\..\..\..\Program Files\Epic Games\5.5\Engine\Source\Programs\AutomationTool\XLocLocalization\XLocLocalization.Automation.csproj", "{EAA758C7-D6B5-339C-9E43-39BFA67A6E53}"
EndProject
Project("{FAE04EC0-301F-11D3-BF4B-00C04F79EFBC}") = "VisionOS.Automation", "..\..\..\..\..\Program Files\Epic Games\5.5\Engine\Platforms\VisionOS\Source\Programs\AutomationTool\VisionOS.Automation.csproj", "{25302D97-0AE9-35F3-90BC-DB493B0386BF}"
EndProject
Project("{FAE04EC0-301F-11D3-BF4B-00C04F79EFBC}") = "ScriptGeneratorUbtPlugin.ubtplugin", "..\..\..\..\..\Program Files\Epic Games\5.5\Engine\Plugins\ScriptPlugin\Source\ScriptGeneratorUbtPlugin\ScriptGeneratorUbtPlugin.ubtplugin.csproj", "{D09108D4-73D8-35CD-AB0A-B069C832DE1E}"
EndProject
Project("{FAE04EC0-301F-11D3-BF4B-00C04F79EFBC}") = "EpicGames.AspNet", "..\..\..\..\..\Program Files\Epic Games\5.5\Engine\Source\Programs\Shared\EpicGames.AspNet\EpicGames.AspNet.csproj", "{1D3BC437-07C8-3803-8BF7-99B474A31F40}"
EndProject
Project("{FAE04EC0-301F-11D3-BF4B-00C04F79EFBC}") = "EpicGames.Build", "..\..\..\..\..\Program Files\Epic Games\5.5\Engine\Source\Programs\Shared\EpicGames.Build\EpicGames.Build.csproj", "{A689E81A-4CDF-3407-9898-03C754FC068E}"
EndProject
Project("{FAE04EC0-301F-11D3-BF4B-00C04F79EFBC}") = "EpicGames.BuildGraph", "..\..\..\..\..\Program Files\Epic Games\5.5\Engine\Source\Programs\Shared\EpicGames.BuildGraph\EpicGames.BuildGraph.csproj", "{519551AC-5A58-3BFD-85DF-33CA4A3DBB58}"
EndProject
Project("{FAE04EC0-301F-11D3-BF4B-00C04F79EFBC}") = "EpicGames.Core", "..\..\..\..\..\Program Files\Epic Games\5.5\Engine\Source\Programs\Shared\EpicGames.Core\EpicGames.Core.csproj", "{F46C3A7E-C1FC-3E8B-A3B9-E88D51FE342A}"
EndProject
Project("{FAE04EC0-301F-11D3-BF4B-00C04F79EFBC}") = "EpicGames.Horde", "..\..\..\..\..\Program Files\Epic Games\5.5\Engine\Source\Programs\Shared\EpicGames.Horde\EpicGames.Horde.csproj", "{04A81862-1F05-31CD-BBD8-0DC530899DE3}"
EndProject
Project("{FAE04EC0-301F-11D3-BF4B-00C04F79EFBC}") = "EpicGames.IoHash", "..\..\..\..\..\Program Files\Epic Games\5.5\Engine\Source\Programs\Shared\EpicGames.IoHash\EpicGames.IoHash.csproj", "{CF1679C3-1000-3171-9D20-5DF9F3886EFC}"
EndProject
Project("{FAE04EC0-301F-11D3-BF4B-00C04F79EFBC}") = "EpicGames.Jupiter", "..\..\..\..\..\Program Files\Epic Games\5.5\Engine\Source\Programs\Shared\EpicGames.Jupiter\EpicGames.Jupiter.csproj", "{CE2EE04C-6129-3741-8B64-48F9D99DC92B}"
EndProject
Project("{FAE04EC0-301F-11D3-BF4B-00C04F79EFBC}") = "EpicGames.MongoDB", "..\..\..\..\..\Program Files\Epic Games\5.5\Engine\Source\Programs\Shared\EpicGames.MongoDB\EpicGames.MongoDB.csproj", "{2DEBD17B-6179-3A5C-9424-09912DF853F5}"
EndProject
Project("{FAE04EC0-301F-11D3-BF4B-00C04F79EFBC}") = "EpicGames.MsBuild", "..\..\..\..\..\Program Files\Epic Games\5.5\Engine\Source\Programs\Shared\EpicGames.MsBuild\EpicGames.MsBuild.csproj", "{D5DA4203-E330-3241-9DF2-37A7CB3CAA4B}"
EndProject
Project("{FAE04EC0-301F-11D3-BF4B-00C04F79EFBC}") = "EpicGames.OIDC", "..\..\..\..\..\Program Files\Epic Games\5.5\Engine\Source\Programs\Shared\EpicGames.OIDC\EpicGames.OIDC.csproj", "{67E1BAFC-3D69-348D-AA78-239F402F18B5}"
EndProject
Project("{FAE04EC0-301F-11D3-BF4B-00C04F79EFBC}") = "EpicGames.Oodle", "..\..\..\..\..\Program Files\Epic Games\5.5\Engine\Source\Programs\Shared\EpicGames.Oodle\EpicGames.Oodle.csproj", "{7C1B2579-FA79-3168-B40A-CFAFBFB5D2F7}"
EndProject
Project("{FAE04EC0-301F-11D3-BF4B-00C04F79EFBC}") = "EpicGames.Perforce", "..\..\..\..\..\Program Files\Epic Games\5.5\Engine\Source\Programs\Shared\EpicGames.Perforce\EpicGames.Perforce.csproj", "{9CBA23D8-F603-376E-8FB9-6D21B82EC846}"
EndProject
Project("{FAE04EC0-301F-11D3-BF4B-00C04F79EFBC}") = "EpicGames.Perforce.Fixture", "..\..\..\..\..\Program Files\Epic Games\5.5\Engine\Source\Programs\Shared\EpicGames.Perforce.Fixture\EpicGames.Perforce.Fixture.csproj", "{7FA9BAD8-9398-3E1E-B1C1-E2D146FE34F3}"
EndProject
Project("{FAE04EC0-301F-11D3-BF4B-00C04F79EFBC}") = "EpicGames.Perforce.Managed", "..\..\..\..\..\Program Files\Epic Games\5.5\Engine\Source\Programs\Shared\EpicGames.Perforce.Managed\EpicGames.Perforce.Managed.csproj", "{2743FFB8-4303-319C-9F5D-A1E6BB85F25C}"
EndProject
Project("{FAE04EC0-301F-11D3-BF4B-00C04F79EFBC}") = "EpicGames.ProjectStore", "..\..\..\..\..\Program Files\Epic Games\5.5\Engine\Source\Programs\Shared\EpicGames.ProjectStore\EpicGames.ProjectStore.csproj", "{8552433C-2E14-31EB-BE5C-9DD200591865}"
EndProject
Project("{FAE04EC0-301F-11D3-BF4B-00C04F79EFBC}") = "EpicGames.Redis", "..\..\..\..\..\Program Files\Epic Games\5.5\Engine\Source\Programs\Shared\EpicGames.Redis\EpicGames.Redis.csproj", "{2F5B69E7-43FF-36C0-9E3C-06DC889DC4FA}"
EndProject
Project("{FAE04EC0-301F-11D3-BF4B-00C04F79EFBC}") = "EpicGames.Serialization", "..\..\..\..\..\Program Files\Epic Games\5.5\Engine\Source\Programs\Shared\EpicGames.Serialization\EpicGames.Serialization.csproj", "{E55F4455-5E92-311D-A5FA-D99A979C1974}"
EndProject
Project("{FAE04EC0-301F-11D3-BF4B-00C04F79EFBC}") = "EpicGames.Slack", "..\..\..\..\..\Program Files\Epic Games\5.5\Engine\Source\Programs\Shared\EpicGames.Slack\EpicGames.Slack.csproj", "{159C0D02-8C9F-36F9-AB6E-7FA02B6A528A}"
EndProject
Project("{FAE04EC0-301F-11D3-BF4B-00C04F79EFBC}") = "EpicGames.Tracing", "..\..\..\..\..\Program Files\Epic Games\5.5\Engine\Source\Programs\Shared\EpicGames.Tracing\EpicGames.Tracing.csproj", "{BDD0A950-AEA3-329C-8FC4-B17422A2AA78}"
EndProject
Project("{FAE04EC0-301F-11D3-BF4B-00C04F79EFBC}") = "EpicGames.UBA", "..\..\..\..\..\Program Files\Epic Games\5.5\Engine\Source\Programs\Shared\EpicGames.UBA\EpicGames.UBA.csproj", "{860AB34C-C627-35E3-BF01-3192BB2E7039}"
EndProject
Project("{FAE04EC0-301F-11D3-BF4B-00C04F79EFBC}") = "EpicGames.UHT", "..\..\..\..\..\Program Files\Epic Games\5.5\Engine\Source\Programs\Shared\EpicGames.UHT\EpicGames.UHT.csproj", "{B2D67001-C3B1-30E9-8146-677FD1D4324F}"
EndProject
Project("{FAE04EC0-301F-11D3-BF4B-00C04F79EFBC}") = "UE5ProgramRules", "..\..\..\..\..\Program Files\Epic Games\5.5\Engine\Intermediate\Build\BuildRulesProjects\UE5ProgramRules\UE5ProgramRules.csproj", "{28354FCF-230F-3560-BA0E-1E3634AB2728}"
EndProject
Project("{FAE04EC0-301F-11D3-BF4B-00C04F79EFBC}") = "UE5Rules", "..\..\..\..\..\Program Files\Epic Games\5.5\Engine\Intermediate\Build\BuildRulesProjects\UE5Rules\UE5Rules.csproj", "{B6C80E45-C03F-3B91-A347-4DDD24439292}"
EndProject
Project("{FAE04EC0-301F-11D3-BF4B-00C04F79EFBC}") = "SlapcastModuleRules", "Intermediate\Build\BuildRulesProjects\SlapcastModuleRules\SlapcastModuleRules.csproj", "{E5ABB1E6-BD52-3D2C-9AB9-69DF378E0F61}"
EndProject
Project("{2150E333-8FDC-42A3-9474-1A3956D46DE8}") = "Visualizers", "Visualizers", "{1CCEC849-CC72-4C59-8C36-2F7C38706D4C}"
	ProjectSection(SolutionItems) = preProject
		..\..\..\..\..\Program Files\Epic Games\5.5\Engine\Extras\VisualStudioDebugging\Unreal.natvis = ..\..\..\..\..\Program Files\Epic Games\5.5\Engine\Extras\VisualStudioDebugging\Unreal.natvis
		..\..\..\..\..\Program Files\Epic Games\5.5\Engine\Extras\VisualStudioDebugging\Unreal.natstepfilter = ..\..\..\..\..\Program Files\Epic Games\5.5\Engine\Extras\VisualStudioDebugging\Unreal.natstepfilter
	EndProjectSection
EndProject
Global
	GlobalSection(SolutionConfigurationPlatforms) = preSolution
		DebugGame Editor|Win64 = DebugGame Editor|Win64
		DebugGame Editor|Win64-arm64 = DebugGame Editor|Win64-arm64
		DebugGame Editor|Win64-arm64ec = DebugGame Editor|Win64-arm64ec
		Development Editor|Win64 = Development Editor|Win64
		Development Editor|Win64-arm64 = Development Editor|Win64-arm64
		Development Editor|Win64-arm64ec = Development Editor|Win64-arm64ec
	EndGlobalSection
	# UnrealVS Section
	GlobalSection(ddbf523f-7eb6-4887-bd51-85a714ff87eb) = preSolution
		AvailablePlatforms=Win64
	EndGlobalSection
	GlobalSection(ProjectConfigurationPlatforms) = postSolution
		{B5B954C0-AF1D-30FF-AA90-839B8B47014D}.DebugGame Editor|Win64.ActiveCfg = BuiltWithUnrealBuildTool|Win64
		{B5B954C0-AF1D-30FF-AA90-839B8B47014D}.DebugGame Editor|Win64-arm64.ActiveCfg = BuiltWithUnrealBuildTool|Win64
		{B5B954C0-AF1D-30FF-AA90-839B8B47014D}.DebugGame Editor|Win64-arm64ec.ActiveCfg = BuiltWithUnrealBuildTool|Win64
		{B5B954C0-AF1D-30FF-AA90-839B8B47014D}.Development Editor|Win64.ActiveCfg = BuiltWithUnrealBuildTool|Win64
		{B5B954C0-AF1D-30FF-AA90-839B8B47014D}.Development Editor|Win64-arm64.ActiveCfg = BuiltWithUnrealBuildTool|Win64
		{B5B954C0-AF1D-30FF-AA90-839B8B47014D}.Development Editor|Win64-arm64ec.ActiveCfg = BuiltWithUnrealBuildTool|Win64
		{F0B2A378-B6E7-3699-815F-19E84D6A0DD6}.DebugGame Editor|Win64.ActiveCfg = DebugGame_Editor|x64
		{F0B2A378-B6E7-3699-815F-19E84D6A0DD6}.DebugGame Editor|Win64.Build.0 = DebugGame_Editor|x64
		{F0B2A378-B6E7-3699-815F-19E84D6A0DD6}.DebugGame Editor|Win64-arm64.ActiveCfg = Win64_arm64_DebugGame_Editor|x64
		{F0B2A378-B6E7-3699-815F-19E84D6A0DD6}.DebugGame Editor|Win64-arm64.Build.0 = Win64_arm64_DebugGame_Editor|x64
		{F0B2A378-B6E7-3699-815F-19E84D6A0DD6}.DebugGame Editor|Win64-arm64ec.ActiveCfg = Win64_arm64ec_DebugGame_Editor|x64
		{F0B2A378-B6E7-3699-815F-19E84D6A0DD6}.DebugGame Editor|Win64-arm64ec.Build.0 = Win64_arm64ec_DebugGame_Editor|x64
		{F0B2A378-B6E7-3699-815F-19E84D6A0DD6}.Development Editor|Win64.ActiveCfg = Development_Editor|x64
		{F0B2A378-B6E7-3699-815F-19E84D6A0DD6}.Development Editor|Win64.Build.0 = Development_Editor|x64
		{F0B2A378-B6E7-3699-815F-19E84D6A0DD6}.Development Editor|Win64-arm64.ActiveCfg = Win64_arm64_Development_Editor|x64
		{F0B2A378-B6E7-3699-815F-19E84D6A0DD6}.Development Editor|Win64-arm64.Build.0 = Win64_arm64_Development_Editor|x64
		{F0B2A378-B6E7-3699-815F-19E84D6A0DD6}.Development Editor|Win64-arm64ec.ActiveCfg = Win64_arm64ec_Development_Editor|x64
		{F0B2A378-B6E7-3699-815F-19E84D6A0DD6}.Development Editor|Win64-arm64ec.Build.0 = Win64_arm64ec_Development_Editor|x64
		{2546A7FF-78C8-364B-A5CF-8F828C3F32C9}.DebugGame Editor|Win64.ActiveCfg = Development|Any CPU
		{2546A7FF-78C8-364B-A5CF-8F828C3F32C9}.DebugGame Editor|Win64.Build.0 = Development|Any CPU
		{2546A7FF-78C8-364B-A5CF-8F828C3F32C9}.DebugGame Editor|Win64-arm64.ActiveCfg = Development|Any CPU
		{2546A7FF-78C8-364B-A5CF-8F828C3F32C9}.DebugGame Editor|Win64-arm64.Build.0 = Development|Any CPU
		{2546A7FF-78C8-364B-A5CF-8F828C3F32C9}.DebugGame Editor|Win64-arm64ec.ActiveCfg = Development|Any CPU
		{2546A7FF-78C8-364B-A5CF-8F828C3F32C9}.DebugGame Editor|Win64-arm64ec.Build.0 = Development|Any CPU
		{2546A7FF-78C8-364B-A5CF-8F828C3F32C9}.Development Editor|Win64.ActiveCfg = Development|Any CPU
		{2546A7FF-78C8-364B-A5CF-8F828C3F32C9}.Development Editor|Win64.Build.0 = Development|Any CPU
		{2546A7FF-78C8-364B-A5CF-8F828C3F32C9}.Development Editor|Win64-arm64.ActiveCfg = Development|Any CPU
		{2546A7FF-78C8-364B-A5CF-8F828C3F32C9}.Development Editor|Win64-arm64.Build.0 = Development|Any CPU
		{2546A7FF-78C8-364B-A5CF-8F828C3F32C9}.Development Editor|Win64-arm64ec.ActiveCfg = Development|Any CPU
		{2546A7FF-78C8-364B-A5CF-8F828C3F32C9}.Development Editor|Win64-arm64ec.Build.0 = Development|Any CPU
		{3B5E71E9-2157-3F30-A255-746C16BC98FC}.DebugGame Editor|Win64.ActiveCfg = Development|Any CPU
		{3B5E71E9-2157-3F30-A255-746C16BC98FC}.DebugGame Editor|Win64.Build.0 = Development|Any CPU
		{3B5E71E9-2157-3F30-A255-746C16BC98FC}.DebugGame Editor|Win64-arm64.ActiveCfg = Development|Any CPU
		{3B5E71E9-2157-3F30-A255-746C16BC98FC}.DebugGame Editor|Win64-arm64.Build.0 = Development|Any CPU
		{3B5E71E9-2157-3F30-A255-746C16BC98FC}.DebugGame Editor|Win64-arm64ec.ActiveCfg = Development|Any CPU
		{3B5E71E9-2157-3F30-A255-746C16BC98FC}.DebugGame Editor|Win64-arm64ec.Build.0 = Development|Any CPU
		{3B5E71E9-2157-3F30-A255-746C16BC98FC}.Development Editor|Win64.ActiveCfg = Development|Any CPU
		{3B5E71E9-2157-3F30-A255-746C16BC98FC}.Development Editor|Win64.Build.0 = Development|Any CPU
		{3B5E71E9-2157-3F30-A255-746C16BC98FC}.Development Editor|Win64-arm64.ActiveCfg = Development|Any CPU
		{3B5E71E9-2157-3F30-A255-746C16BC98FC}.Development Editor|Win64-arm64.Build.0 = Development|Any CPU
		{3B5E71E9-2157-3F30-A255-746C16BC98FC}.Development Editor|Win64-arm64ec.ActiveCfg = Development|Any CPU
		{3B5E71E9-2157-3F30-A255-746C16BC98FC}.Development Editor|Win64-arm64ec.Build.0 = Development|Any CPU
		{C68D4DDE-F0CF-3E70-9D1F-06421903C022}.DebugGame Editor|Win64.ActiveCfg = Development|Any CPU
		{C68D4DDE-F0CF-3E70-9D1F-06421903C022}.DebugGame Editor|Win64.Build.0 = Development|Any CPU
		{C68D4DDE-F0CF-3E70-9D1F-06421903C022}.DebugGame Editor|Win64-arm64.ActiveCfg = Development|Any CPU
		{C68D4DDE-F0CF-3E70-9D1F-06421903C022}.DebugGame Editor|Win64-arm64.Build.0 = Development|Any CPU
		{C68D4DDE-F0CF-3E70-9D1F-06421903C022}.DebugGame Editor|Win64-arm64ec.ActiveCfg = Development|Any CPU
		{C68D4DDE-F0CF-3E70-9D1F-06421903C022}.DebugGame Editor|Win64-arm64ec.Build.0 = Development|Any CPU
		{C68D4DDE-F0CF-3E70-9D1F-06421903C022}.Development Editor|Win64.ActiveCfg = Development|Any CPU
		{C68D4DDE-F0CF-3E70-9D1F-06421903C022}.Development Editor|Win64.Build.0 = Development|Any CPU
		{C68D4DDE-F0CF-3E70-9D1F-06421903C022}.Development Editor|Win64-arm64.ActiveCfg = Development|Any CPU
		{C68D4DDE-F0CF-3E70-9D1F-06421903C022}.Development Editor|Win64-arm64.Build.0 = Development|Any CPU
		{C68D4DDE-F0CF-3E70-9D1F-06421903C022}.Development Editor|Win64-arm64ec.ActiveCfg = Development|Any CPU
		{C68D4DDE-F0CF-3E70-9D1F-06421903C022}.Development Editor|Win64-arm64ec.Build.0 = Development|Any CPU
		{E644A338-8A46-3AC0-9359-073385C0E394}.DebugGame Editor|Win64.ActiveCfg = Development|Any CPU
		{E644A338-8A46-3AC0-9359-073385C0E394}.DebugGame Editor|Win64.Build.0 = Development|Any CPU
		{E644A338-8A46-3AC0-9359-073385C0E394}.DebugGame Editor|Win64-arm64.ActiveCfg = Development|Any CPU
		{E644A338-8A46-3AC0-9359-073385C0E394}.DebugGame Editor|Win64-arm64.Build.0 = Development|Any CPU
		{E644A338-8A46-3AC0-9359-073385C0E394}.DebugGame Editor|Win64-arm64ec.ActiveCfg = Development|Any CPU
		{E644A338-8A46-3AC0-9359-073385C0E394}.DebugGame Editor|Win64-arm64ec.Build.0 = Development|Any CPU
		{E644A338-8A46-3AC0-9359-073385C0E394}.Development Editor|Win64.ActiveCfg = Development|Any CPU
		{E644A338-8A46-3AC0-9359-073385C0E394}.Development Editor|Win64.Build.0 = Development|Any CPU
		{E644A338-8A46-3AC0-9359-073385C0E394}.Development Editor|Win64-arm64.ActiveCfg = Development|Any CPU
		{E644A338-8A46-3AC0-9359-073385C0E394}.Development Editor|Win64-arm64.Build.0 = Development|Any CPU
		{E644A338-8A46-3AC0-9359-073385C0E394}.Development Editor|Win64-arm64ec.ActiveCfg = Development|Any CPU
		{E644A338-8A46-3AC0-9359-073385C0E394}.Development Editor|Win64-arm64ec.Build.0 = Development|Any CPU
		{45401654-6855-3B74-9861-2A75E421F608}.DebugGame Editor|Win64.ActiveCfg = Development|Any CPU
		{45401654-6855-3B74-9861-2A75E421F608}.DebugGame Editor|Win64.Build.0 = Development|Any CPU
		{45401654-6855-3B74-9861-2A75E421F608}.DebugGame Editor|Win64-arm64.ActiveCfg = Development|Any CPU
		{45401654-6855-3B74-9861-2A75E421F608}.DebugGame Editor|Win64-arm64.Build.0 = Development|Any CPU
		{45401654-6855-3B74-9861-2A75E421F608}.DebugGame Editor|Win64-arm64ec.ActiveCfg = Development|Any CPU
		{45401654-6855-3B74-9861-2A75E421F608}.DebugGame Editor|Win64-arm64ec.Build.0 = Development|Any CPU
		{45401654-6855-3B74-9861-2A75E421F608}.Development Editor|Win64.ActiveCfg = Development|Any CPU
		{45401654-6855-3B74-9861-2A75E421F608}.Development Editor|Win64.Build.0 = Development|Any CPU
		{45401654-6855-3B74-9861-2A75E421F608}.Development Editor|Win64-arm64.ActiveCfg = Development|Any CPU
		{45401654-6855-3B74-9861-2A75E421F608}.Development Editor|Win64-arm64.Build.0 = Development|Any CPU
		{45401654-6855-3B74-9861-2A75E421F608}.Development Editor|Win64-arm64ec.ActiveCfg = Development|Any CPU
		{45401654-6855-3B74-9861-2A75E421F608}.Development Editor|Win64-arm64ec.Build.0 = Development|Any CPU
		{BDA2CC55-790D-3365-A6BE-7F2D6AAD9C2F}.DebugGame Editor|Win64.ActiveCfg = Development|Any CPU
		{BDA2CC55-790D-3365-A6BE-7F2D6AAD9C2F}.DebugGame Editor|Win64.Build.0 = Development|Any CPU
		{BDA2CC55-790D-3365-A6BE-7F2D6AAD9C2F}.DebugGame Editor|Win64-arm64.ActiveCfg = Development|Any CPU
		{BDA2CC55-790D-3365-A6BE-7F2D6AAD9C2F}.DebugGame Editor|Win64-arm64.Build.0 = Development|Any CPU
		{BDA2CC55-790D-3365-A6BE-7F2D6AAD9C2F}.DebugGame Editor|Win64-arm64ec.ActiveCfg = Development|Any CPU
		{BDA2CC55-790D-3365-A6BE-7F2D6AAD9C2F}.DebugGame Editor|Win64-arm64ec.Build.0 = Development|Any CPU
		{BDA2CC55-790D-3365-A6BE-7F2D6AAD9C2F}.Development Editor|Win64.ActiveCfg = Development|Any CPU
		{BDA2CC55-790D-3365-A6BE-7F2D6AAD9C2F}.Development Editor|Win64.Build.0 = Development|Any CPU
		{BDA2CC55-790D-3365-A6BE-7F2D6AAD9C2F}.Development Editor|Win64-arm64.ActiveCfg = Development|Any CPU
		{BDA2CC55-790D-3365-A6BE-7F2D6AAD9C2F}.Development Editor|Win64-arm64.Build.0 = Development|Any CPU
		{BDA2CC55-790D-3365-A6BE-7F2D6AAD9C2F}.Development Editor|Win64-arm64ec.ActiveCfg = Development|Any CPU
		{BDA2CC55-790D-3365-A6BE-7F2D6AAD9C2F}.Development Editor|Win64-arm64ec.Build.0 = Development|Any CPU
		{AF32ECA3-30D8-3250-B628-6E75A6CD5072}.DebugGame Editor|Win64.ActiveCfg = Development|Any CPU
		{AF32ECA3-30D8-3250-B628-6E75A6CD5072}.DebugGame Editor|Win64.Build.0 = Development|Any CPU
		{AF32ECA3-30D8-3250-B628-6E75A6CD5072}.DebugGame Editor|Win64-arm64.ActiveCfg = Development|Any CPU
		{AF32ECA3-30D8-3250-B628-6E75A6CD5072}.DebugGame Editor|Win64-arm64.Build.0 = Development|Any CPU
		{AF32ECA3-30D8-3250-B628-6E75A6CD5072}.DebugGame Editor|Win64-arm64ec.ActiveCfg = Development|Any CPU
		{AF32ECA3-30D8-3250-B628-6E75A6CD5072}.DebugGame Editor|Win64-arm64ec.Build.0 = Development|Any CPU
		{AF32ECA3-30D8-3250-B628-6E75A6CD5072}.Development Editor|Win64.ActiveCfg = Development|Any CPU
		{AF32ECA3-30D8-3250-B628-6E75A6CD5072}.Development Editor|Win64.Build.0 = Development|Any CPU
		{AF32ECA3-30D8-3250-B628-6E75A6CD5072}.Development Editor|Win64-arm64.ActiveCfg = Development|Any CPU
		{AF32ECA3-30D8-3250-B628-6E75A6CD5072}.Development Editor|Win64-arm64.Build.0 = Development|Any CPU
		{AF32ECA3-30D8-3250-B628-6E75A6CD5072}.Development Editor|Win64-arm64ec.ActiveCfg = Development|Any CPU
		{AF32ECA3-30D8-3250-B628-6E75A6CD5072}.Development Editor|Win64-arm64ec.Build.0 = Development|Any CPU
		{584C6645-53F0-332E-9033-6E6AA74A6F7F}.DebugGame Editor|Win64.ActiveCfg = Development|Any CPU
		{584C6645-53F0-332E-9033-6E6AA74A6F7F}.DebugGame Editor|Win64.Build.0 = Development|Any CPU
		{584C6645-53F0-332E-9033-6E6AA74A6F7F}.DebugGame Editor|Win64-arm64.ActiveCfg = Development|Any CPU
		{584C6645-53F0-332E-9033-6E6AA74A6F7F}.DebugGame Editor|Win64-arm64.Build.0 = Development|Any CPU
		{584C6645-53F0-332E-9033-6E6AA74A6F7F}.DebugGame Editor|Win64-arm64ec.ActiveCfg = Development|Any CPU
		{584C6645-53F0-332E-9033-6E6AA74A6F7F}.DebugGame Editor|Win64-arm64ec.Build.0 = Development|Any CPU
		{584C6645-53F0-332E-9033-6E6AA74A6F7F}.Development Editor|Win64.ActiveCfg = Development|Any CPU
		{584C6645-53F0-332E-9033-6E6AA74A6F7F}.Development Editor|Win64.Build.0 = Development|Any CPU
		{584C6645-53F0-332E-9033-6E6AA74A6F7F}.Development Editor|Win64-arm64.ActiveCfg = Development|Any CPU
		{584C6645-53F0-332E-9033-6E6AA74A6F7F}.Development Editor|Win64-arm64.Build.0 = Development|Any CPU
		{584C6645-53F0-332E-9033-6E6AA74A6F7F}.Development Editor|Win64-arm64ec.ActiveCfg = Development|Any CPU
		{584C6645-53F0-332E-9033-6E6AA74A6F7F}.Development Editor|Win64-arm64ec.Build.0 = Development|Any CPU
		{64886482-11B6-34F1-9D59-7E2E5609C327}.DebugGame Editor|Win64.ActiveCfg = Development|Any CPU
		{64886482-11B6-34F1-9D59-7E2E5609C327}.DebugGame Editor|Win64.Build.0 = Development|Any CPU
		{64886482-11B6-34F1-9D59-7E2E5609C327}.DebugGame Editor|Win64-arm64.ActiveCfg = Development|Any CPU
		{64886482-11B6-34F1-9D59-7E2E5609C327}.DebugGame Editor|Win64-arm64.Build.0 = Development|Any CPU
		{64886482-11B6-34F1-9D59-7E2E5609C327}.DebugGame Editor|Win64-arm64ec.ActiveCfg = Development|Any CPU
		{64886482-11B6-34F1-9D59-7E2E5609C327}.DebugGame Editor|Win64-arm64ec.Build.0 = Development|Any CPU
		{64886482-11B6-34F1-9D59-7E2E5609C327}.Development Editor|Win64.ActiveCfg = Development|Any CPU
		{64886482-11B6-34F1-9D59-7E2E5609C327}.Development Editor|Win64.Build.0 = Development|Any CPU
		{64886482-11B6-34F1-9D59-7E2E5609C327}.Development Editor|Win64-arm64.ActiveCfg = Development|Any CPU
		{64886482-11B6-34F1-9D59-7E2E5609C327}.Development Editor|Win64-arm64.Build.0 = Development|Any CPU
		{64886482-11B6-34F1-9D59-7E2E5609C327}.Development Editor|Win64-arm64ec.ActiveCfg = Development|Any CPU
		{64886482-11B6-34F1-9D59-7E2E5609C327}.Development Editor|Win64-arm64ec.Build.0 = Development|Any CPU
		{2AF50F20-305D-3CFB-AA39-472BFC1D9000}.DebugGame Editor|Win64.ActiveCfg = Development|Any CPU
		{2AF50F20-305D-3CFB-AA39-472BFC1D9000}.DebugGame Editor|Win64.Build.0 = Development|Any CPU
		{2AF50F20-305D-3CFB-AA39-472BFC1D9000}.DebugGame Editor|Win64-arm64.ActiveCfg = Development|Any CPU
		{2AF50F20-305D-3CFB-AA39-472BFC1D9000}.DebugGame Editor|Win64-arm64.Build.0 = Development|Any CPU
		{2AF50F20-305D-3CFB-AA39-472BFC1D9000}.DebugGame Editor|Win64-arm64ec.ActiveCfg = Development|Any CPU
		{2AF50F20-305D-3CFB-AA39-472BFC1D9000}.DebugGame Editor|Win64-arm64ec.Build.0 = Development|Any CPU
		{2AF50F20-305D-3CFB-AA39-472BFC1D9000}.Development Editor|Win64.ActiveCfg = Development|Any CPU
		{2AF50F20-305D-3CFB-AA39-472BFC1D9000}.Development Editor|Win64.Build.0 = Development|Any CPU
		{2AF50F20-305D-3CFB-AA39-472BFC1D9000}.Development Editor|Win64-arm64.ActiveCfg = Development|Any CPU
		{2AF50F20-305D-3CFB-AA39-472BFC1D9000}.Development Editor|Win64-arm64.Build.0 = Development|Any CPU
		{2AF50F20-305D-3CFB-AA39-472BFC1D9000}.Development Editor|Win64-arm64ec.ActiveCfg = Development|Any CPU
		{2AF50F20-305D-3CFB-AA39-472BFC1D9000}.Development Editor|Win64-arm64ec.Build.0 = Development|Any CPU
		{72C25C5B-D695-3337-B86D-5E424BD257EE}.DebugGame Editor|Win64.ActiveCfg = Development|Any CPU
		{72C25C5B-D695-3337-B86D-5E424BD257EE}.DebugGame Editor|Win64.Build.0 = Development|Any CPU
		{72C25C5B-D695-3337-B86D-5E424BD257EE}.DebugGame Editor|Win64-arm64.ActiveCfg = Development|Any CPU
		{72C25C5B-D695-3337-B86D-5E424BD257EE}.DebugGame Editor|Win64-arm64.Build.0 = Development|Any CPU
		{72C25C5B-D695-3337-B86D-5E424BD257EE}.DebugGame Editor|Win64-arm64ec.ActiveCfg = Development|Any CPU
		{72C25C5B-D695-3337-B86D-5E424BD257EE}.DebugGame Editor|Win64-arm64ec.Build.0 = Development|Any CPU
		{72C25C5B-D695-3337-B86D-5E424BD257EE}.Development Editor|Win64.ActiveCfg = Development|Any CPU
		{72C25C5B-D695-3337-B86D-5E424BD257EE}.Development Editor|Win64.Build.0 = Development|Any CPU
		{72C25C5B-D695-3337-B86D-5E424BD257EE}.Development Editor|Win64-arm64.ActiveCfg = Development|Any CPU
		{72C25C5B-D695-3337-B86D-5E424BD257EE}.Development Editor|Win64-arm64.Build.0 = Development|Any CPU
		{72C25C5B-D695-3337-B86D-5E424BD257EE}.Development Editor|Win64-arm64ec.ActiveCfg = Development|Any CPU
		{72C25C5B-D695-3337-B86D-5E424BD257EE}.Development Editor|Win64-arm64ec.Build.0 = Development|Any CPU
		{FE1AFD7D-6255-3E34-B5EA-8F247173BA08}.DebugGame Editor|Win64.ActiveCfg = Development|Any CPU
		{FE1AFD7D-6255-3E34-B5EA-8F247173BA08}.DebugGame Editor|Win64.Build.0 = Development|Any CPU
		{FE1AFD7D-6255-3E34-B5EA-8F247173BA08}.DebugGame Editor|Win64-arm64.ActiveCfg = Development|Any CPU
		{FE1AFD7D-6255-3E34-B5EA-8F247173BA08}.DebugGame Editor|Win64-arm64.Build.0 = Development|Any CPU
		{FE1AFD7D-6255-3E34-B5EA-8F247173BA08}.DebugGame Editor|Win64-arm64ec.ActiveCfg = Development|Any CPU
		{FE1AFD7D-6255-3E34-B5EA-8F247173BA08}.DebugGame Editor|Win64-arm64ec.Build.0 = Development|Any CPU
		{FE1AFD7D-6255-3E34-B5EA-8F247173BA08}.Development Editor|Win64.ActiveCfg = Development|Any CPU
		{FE1AFD7D-6255-3E34-B5EA-8F247173BA08}.Development Editor|Win64.Build.0 = Development|Any CPU
		{FE1AFD7D-6255-3E34-B5EA-8F247173BA08}.Development Editor|Win64-arm64.ActiveCfg = Development|Any CPU
		{FE1AFD7D-6255-3E34-B5EA-8F247173BA08}.Development Editor|Win64-arm64.Build.0 = Development|Any CPU
		{FE1AFD7D-6255-3E34-B5EA-8F247173BA08}.Development Editor|Win64-arm64ec.ActiveCfg = Development|Any CPU
		{FE1AFD7D-6255-3E34-B5EA-8F247173BA08}.Development Editor|Win64-arm64ec.Build.0 = Development|Any CPU
		{3831C2E0-5CE6-38EE-A9B3-374B8CF80794}.DebugGame Editor|Win64.ActiveCfg = Development|Any CPU
		{3831C2E0-5CE6-38EE-A9B3-374B8CF80794}.DebugGame Editor|Win64.Build.0 = Development|Any CPU
		{3831C2E0-5CE6-38EE-A9B3-374B8CF80794}.DebugGame Editor|Win64-arm64.ActiveCfg = Development|Any CPU
		{3831C2E0-5CE6-38EE-A9B3-374B8CF80794}.DebugGame Editor|Win64-arm64.Build.0 = Development|Any CPU
		{3831C2E0-5CE6-38EE-A9B3-374B8CF80794}.DebugGame Editor|Win64-arm64ec.ActiveCfg = Development|Any CPU
		{3831C2E0-5CE6-38EE-A9B3-374B8CF80794}.DebugGame Editor|Win64-arm64ec.Build.0 = Development|Any CPU
		{3831C2E0-5CE6-38EE-A9B3-374B8CF80794}.Development Editor|Win64.ActiveCfg = Development|Any CPU
		{3831C2E0-5CE6-38EE-A9B3-374B8CF80794}.Development Editor|Win64.Build.0 = Development|Any CPU
		{3831C2E0-5CE6-38EE-A9B3-374B8CF80794}.Development Editor|Win64-arm64.ActiveCfg = Development|Any CPU
		{3831C2E0-5CE6-38EE-A9B3-374B8CF80794}.Development Editor|Win64-arm64.Build.0 = Development|Any CPU
		{3831C2E0-5CE6-38EE-A9B3-374B8CF80794}.Development Editor|Win64-arm64ec.ActiveCfg = Development|Any CPU
		{3831C2E0-5CE6-38EE-A9B3-374B8CF80794}.Development Editor|Win64-arm64ec.Build.0 = Development|Any CPU
		{92D97D96-F3FB-32B5-BFBC-CF98847FE66B}.DebugGame Editor|Win64.ActiveCfg = Development|Any CPU
		{92D97D96-F3FB-32B5-BFBC-CF98847FE66B}.DebugGame Editor|Win64.Build.0 = Development|Any CPU
		{92D97D96-F3FB-32B5-BFBC-CF98847FE66B}.DebugGame Editor|Win64-arm64.ActiveCfg = Development|Any CPU
		{92D97D96-F3FB-32B5-BFBC-CF98847FE66B}.DebugGame Editor|Win64-arm64.Build.0 = Development|Any CPU
		{92D97D96-F3FB-32B5-BFBC-CF98847FE66B}.DebugGame Editor|Win64-arm64ec.ActiveCfg = Development|Any CPU
		{92D97D96-F3FB-32B5-BFBC-CF98847FE66B}.DebugGame Editor|Win64-arm64ec.Build.0 = Development|Any CPU
		{92D97D96-F3FB-32B5-BFBC-CF98847FE66B}.Development Editor|Win64.ActiveCfg = Development|Any CPU
		{92D97D96-F3FB-32B5-BFBC-CF98847FE66B}.Development Editor|Win64.Build.0 = Development|Any CPU
		{92D97D96-F3FB-32B5-BFBC-CF98847FE66B}.Development Editor|Win64-arm64.ActiveCfg = Development|Any CPU
		{92D97D96-F3FB-32B5-BFBC-CF98847FE66B}.Development Editor|Win64-arm64.Build.0 = Development|Any CPU
		{92D97D96-F3FB-32B5-BFBC-CF98847FE66B}.Development Editor|Win64-arm64ec.ActiveCfg = Development|Any CPU
		{92D97D96-F3FB-32B5-BFBC-CF98847FE66B}.Development Editor|Win64-arm64ec.Build.0 = Development|Any CPU
		{F9111F37-77BA-36CB-BF0A-EBEF5F15DC3B}.DebugGame Editor|Win64.ActiveCfg = Development|Any CPU
		{F9111F37-77BA-36CB-BF0A-EBEF5F15DC3B}.DebugGame Editor|Win64.Build.0 = Development|Any CPU
		{F9111F37-77BA-36CB-BF0A-EBEF5F15DC3B}.DebugGame Editor|Win64-arm64.ActiveCfg = Development|Any CPU
		{F9111F37-77BA-36CB-BF0A-EBEF5F15DC3B}.DebugGame Editor|Win64-arm64.Build.0 = Development|Any CPU
		{F9111F37-77BA-36CB-BF0A-EBEF5F15DC3B}.DebugGame Editor|Win64-arm64ec.ActiveCfg = Development|Any CPU
		{F9111F37-77BA-36CB-BF0A-EBEF5F15DC3B}.DebugGame Editor|Win64-arm64ec.Build.0 = Development|Any CPU
		{F9111F37-77BA-36CB-BF0A-EBEF5F15DC3B}.Development Editor|Win64.ActiveCfg = Development|Any CPU
		{F9111F37-77BA-36CB-BF0A-EBEF5F15DC3B}.Development Editor|Win64.Build.0 = Development|Any CPU
		{F9111F37-77BA-36CB-BF0A-EBEF5F15DC3B}.Development Editor|Win64-arm64.ActiveCfg = Development|Any CPU
		{F9111F37-77BA-36CB-BF0A-EBEF5F15DC3B}.Development Editor|Win64-arm64.Build.0 = Development|Any CPU
		{F9111F37-77BA-36CB-BF0A-EBEF5F15DC3B}.Development Editor|Win64-arm64ec.ActiveCfg = Development|Any CPU
		{F9111F37-77BA-36CB-BF0A-EBEF5F15DC3B}.Development Editor|Win64-arm64ec.Build.0 = Development|Any CPU
		{41BE2E5D-7EC6-3159-97AA-118B6CD4906D}.DebugGame Editor|Win64.ActiveCfg = Development|Any CPU
		{41BE2E5D-7EC6-3159-97AA-118B6CD4906D}.DebugGame Editor|Win64.Build.0 = Development|Any CPU
		{41BE2E5D-7EC6-3159-97AA-118B6CD4906D}.DebugGame Editor|Win64-arm64.ActiveCfg = Development|Any CPU
		{41BE2E5D-7EC6-3159-97AA-118B6CD4906D}.DebugGame Editor|Win64-arm64.Build.0 = Development|Any CPU
		{41BE2E5D-7EC6-3159-97AA-118B6CD4906D}.DebugGame Editor|Win64-arm64ec.ActiveCfg = Development|Any CPU
		{41BE2E5D-7EC6-3159-97AA-118B6CD4906D}.DebugGame Editor|Win64-arm64ec.Build.0 = Development|Any CPU
		{41BE2E5D-7EC6-3159-97AA-118B6CD4906D}.Development Editor|Win64.ActiveCfg = Development|Any CPU
		{41BE2E5D-7EC6-3159-97AA-118B6CD4906D}.Development Editor|Win64.Build.0 = Development|Any CPU
		{41BE2E5D-7EC6-3159-97AA-118B6CD4906D}.Development Editor|Win64-arm64.ActiveCfg = Development|Any CPU
		{41BE2E5D-7EC6-3159-97AA-118B6CD4906D}.Development Editor|Win64-arm64.Build.0 = Development|Any CPU
		{41BE2E5D-7EC6-3159-97AA-118B6CD4906D}.Development Editor|Win64-arm64ec.ActiveCfg = Development|Any CPU
		{41BE2E5D-7EC6-3159-97AA-118B6CD4906D}.Development Editor|Win64-arm64ec.Build.0 = Development|Any CPU
		{84EB63DC-25CD-38D3-AE67-3293685D4BE7}.DebugGame Editor|Win64.ActiveCfg = Development|Any CPU
		{84EB63DC-25CD-38D3-AE67-3293685D4BE7}.DebugGame Editor|Win64.Build.0 = Development|Any CPU
		{84EB63DC-25CD-38D3-AE67-3293685D4BE7}.DebugGame Editor|Win64-arm64.ActiveCfg = Development|Any CPU
		{84EB63DC-25CD-38D3-AE67-3293685D4BE7}.DebugGame Editor|Win64-arm64.Build.0 = Development|Any CPU
		{84EB63DC-25CD-38D3-AE67-3293685D4BE7}.DebugGame Editor|Win64-arm64ec.ActiveCfg = Development|Any CPU
		{84EB63DC-25CD-38D3-AE67-3293685D4BE7}.DebugGame Editor|Win64-arm64ec.Build.0 = Development|Any CPU
		{84EB63DC-25CD-38D3-AE67-3293685D4BE7}.Development Editor|Win64.ActiveCfg = Development|Any CPU
		{84EB63DC-25CD-38D3-AE67-3293685D4BE7}.Development Editor|Win64.Build.0 = Development|Any CPU
		{84EB63DC-25CD-38D3-AE67-3293685D4BE7}.Development Editor|Win64-arm64.ActiveCfg = Development|Any CPU
		{84EB63DC-25CD-38D3-AE67-3293685D4BE7}.Development Editor|Win64-arm64.Build.0 = Development|Any CPU
		{84EB63DC-25CD-38D3-AE67-3293685D4BE7}.Development Editor|Win64-arm64ec.ActiveCfg = Development|Any CPU
		{84EB63DC-25CD-38D3-AE67-3293685D4BE7}.Development Editor|Win64-arm64ec.Build.0 = Development|Any CPU
		{2D7128ED-C2E5-3AF8-AEC9-29773B755C35}.DebugGame Editor|Win64.ActiveCfg = Development|Any CPU
		{2D7128ED-C2E5-3AF8-AEC9-29773B755C35}.DebugGame Editor|Win64.Build.0 = Development|Any CPU
		{2D7128ED-C2E5-3AF8-AEC9-29773B755C35}.DebugGame Editor|Win64-arm64.ActiveCfg = Development|Any CPU
		{2D7128ED-C2E5-3AF8-AEC9-29773B755C35}.DebugGame Editor|Win64-arm64.Build.0 = Development|Any CPU
		{2D7128ED-C2E5-3AF8-AEC9-29773B755C35}.DebugGame Editor|Win64-arm64ec.ActiveCfg = Development|Any CPU
		{2D7128ED-C2E5-3AF8-AEC9-29773B755C35}.DebugGame Editor|Win64-arm64ec.Build.0 = Development|Any CPU
		{2D7128ED-C2E5-3AF8-AEC9-29773B755C35}.Development Editor|Win64.ActiveCfg = Development|Any CPU
		{2D7128ED-C2E5-3AF8-AEC9-29773B755C35}.Development Editor|Win64.Build.0 = Development|Any CPU
		{2D7128ED-C2E5-3AF8-AEC9-29773B755C35}.Development Editor|Win64-arm64.ActiveCfg = Development|Any CPU
		{2D7128ED-C2E5-3AF8-AEC9-29773B755C35}.Development Editor|Win64-arm64.Build.0 = Development|Any CPU
		{2D7128ED-C2E5-3AF8-AEC9-29773B755C35}.Development Editor|Win64-arm64ec.ActiveCfg = Development|Any CPU
		{2D7128ED-C2E5-3AF8-AEC9-29773B755C35}.Development Editor|Win64-arm64ec.Build.0 = Development|Any CPU
		{0E9FF09D-6FD2-3588-A313-111BFCBE1511}.DebugGame Editor|Win64.ActiveCfg = Development|Any CPU
		{0E9FF09D-6FD2-3588-A313-111BFCBE1511}.DebugGame Editor|Win64.Build.0 = Development|Any CPU
		{0E9FF09D-6FD2-3588-A313-111BFCBE1511}.DebugGame Editor|Win64-arm64.ActiveCfg = Development|Any CPU
		{0E9FF09D-6FD2-3588-A313-111BFCBE1511}.DebugGame Editor|Win64-arm64.Build.0 = Development|Any CPU
		{0E9FF09D-6FD2-3588-A313-111BFCBE1511}.DebugGame Editor|Win64-arm64ec.ActiveCfg = Development|Any CPU
		{0E9FF09D-6FD2-3588-A313-111BFCBE1511}.DebugGame Editor|Win64-arm64ec.Build.0 = Development|Any CPU
		{0E9FF09D-6FD2-3588-A313-111BFCBE1511}.Development Editor|Win64.ActiveCfg = Development|Any CPU
		{0E9FF09D-6FD2-3588-A313-111BFCBE1511}.Development Editor|Win64.Build.0 = Development|Any CPU
		{0E9FF09D-6FD2-3588-A313-111BFCBE1511}.Development Editor|Win64-arm64.ActiveCfg = Development|Any CPU
		{0E9FF09D-6FD2-3588-A313-111BFCBE1511}.Development Editor|Win64-arm64.Build.0 = Development|Any CPU
		{0E9FF09D-6FD2-3588-A313-111BFCBE1511}.Development Editor|Win64-arm64ec.ActiveCfg = Development|Any CPU
		{0E9FF09D-6FD2-3588-A313-111BFCBE1511}.Development Editor|Win64-arm64ec.Build.0 = Development|Any CPU
		{5E939C44-0EED-3DA7-850B-5718E5A78B7C}.DebugGame Editor|Win64.ActiveCfg = Development|Any CPU
		{5E939C44-0EED-3DA7-850B-5718E5A78B7C}.DebugGame Editor|Win64.Build.0 = Development|Any CPU
		{5E939C44-0EED-3DA7-850B-5718E5A78B7C}.DebugGame Editor|Win64-arm64.ActiveCfg = Development|Any CPU
		{5E939C44-0EED-3DA7-850B-5718E5A78B7C}.DebugGame Editor|Win64-arm64.Build.0 = Development|Any CPU
		{5E939C44-0EED-3DA7-850B-5718E5A78B7C}.DebugGame Editor|Win64-arm64ec.ActiveCfg = Development|Any CPU
		{5E939C44-0EED-3DA7-850B-5718E5A78B7C}.DebugGame Editor|Win64-arm64ec.Build.0 = Development|Any CPU
		{5E939C44-0EED-3DA7-850B-5718E5A78B7C}.Development Editor|Win64.ActiveCfg = Development|Any CPU
		{5E939C44-0EED-3DA7-850B-5718E5A78B7C}.Development Editor|Win64.Build.0 = Development|Any CPU
		{5E939C44-0EED-3DA7-850B-5718E5A78B7C}.Development Editor|Win64-arm64.ActiveCfg = Development|Any CPU
		{5E939C44-0EED-3DA7-850B-5718E5A78B7C}.Development Editor|Win64-arm64.Build.0 = Development|Any CPU
		{5E939C44-0EED-3DA7-850B-5718E5A78B7C}.Development Editor|Win64-arm64ec.ActiveCfg = Development|Any CPU
		{5E939C44-0EED-3DA7-850B-5718E5A78B7C}.Development Editor|Win64-arm64ec.Build.0 = Development|Any CPU
		{CC5534D2-9AC1-3EB3-9A86-27E7D52D1C68}.DebugGame Editor|Win64.ActiveCfg = Development|Any CPU
		{CC5534D2-9AC1-3EB3-9A86-27E7D52D1C68}.DebugGame Editor|Win64.Build.0 = Development|Any CPU
		{CC5534D2-9AC1-3EB3-9A86-27E7D52D1C68}.DebugGame Editor|Win64-arm64.ActiveCfg = Development|Any CPU
		{CC5534D2-9AC1-3EB3-9A86-27E7D52D1C68}.DebugGame Editor|Win64-arm64.Build.0 = Development|Any CPU
		{CC5534D2-9AC1-3EB3-9A86-27E7D52D1C68}.DebugGame Editor|Win64-arm64ec.ActiveCfg = Development|Any CPU
		{CC5534D2-9AC1-3EB3-9A86-27E7D52D1C68}.DebugGame Editor|Win64-arm64ec.Build.0 = Development|Any CPU
		{CC5534D2-9AC1-3EB3-9A86-27E7D52D1C68}.Development Editor|Win64.ActiveCfg = Development|Any CPU
		{CC5534D2-9AC1-3EB3-9A86-27E7D52D1C68}.Development Editor|Win64.Build.0 = Development|Any CPU
		{CC5534D2-9AC1-3EB3-9A86-27E7D52D1C68}.Development Editor|Win64-arm64.ActiveCfg = Development|Any CPU
		{CC5534D2-9AC1-3EB3-9A86-27E7D52D1C68}.Development Editor|Win64-arm64.Build.0 = Development|Any CPU
		{CC5534D2-9AC1-3EB3-9A86-27E7D52D1C68}.Development Editor|Win64-arm64ec.ActiveCfg = Development|Any CPU
		{CC5534D2-9AC1-3EB3-9A86-27E7D52D1C68}.Development Editor|Win64-arm64ec.Build.0 = Development|Any CPU
		{2AF9FB07-0E40-3B3A-B09C-5D5FF9967EFC}.DebugGame Editor|Win64.ActiveCfg = Development|Any CPU
		{2AF9FB07-0E40-3B3A-B09C-5D5FF9967EFC}.DebugGame Editor|Win64.Build.0 = Development|Any CPU
		{2AF9FB07-0E40-3B3A-B09C-5D5FF9967EFC}.DebugGame Editor|Win64-arm64.ActiveCfg = Development|Any CPU
		{2AF9FB07-0E40-3B3A-B09C-5D5FF9967EFC}.DebugGame Editor|Win64-arm64.Build.0 = Development|Any CPU
		{2AF9FB07-0E40-3B3A-B09C-5D5FF9967EFC}.DebugGame Editor|Win64-arm64ec.ActiveCfg = Development|Any CPU
		{2AF9FB07-0E40-3B3A-B09C-5D5FF9967EFC}.DebugGame Editor|Win64-arm64ec.Build.0 = Development|Any CPU
		{2AF9FB07-0E40-3B3A-B09C-5D5FF9967EFC}.Development Editor|Win64.ActiveCfg = Development|Any CPU
		{2AF9FB07-0E40-3B3A-B09C-5D5FF9967EFC}.Development Editor|Win64.Build.0 = Development|Any CPU
		{2AF9FB07-0E40-3B3A-B09C-5D5FF9967EFC}.Development Editor|Win64-arm64.ActiveCfg = Development|Any CPU
		{2AF9FB07-0E40-3B3A-B09C-5D5FF9967EFC}.Development Editor|Win64-arm64.Build.0 = Development|Any CPU
		{2AF9FB07-0E40-3B3A-B09C-5D5FF9967EFC}.Development Editor|Win64-arm64ec.ActiveCfg = Development|Any CPU
		{2AF9FB07-0E40-3B3A-B09C-5D5FF9967EFC}.Development Editor|Win64-arm64ec.Build.0 = Development|Any CPU
		{E09C18FC-77F4-3BF2-AAA5-53471742C3F0}.DebugGame Editor|Win64.ActiveCfg = Development|Any CPU
		{E09C18FC-77F4-3BF2-AAA5-53471742C3F0}.DebugGame Editor|Win64.Build.0 = Development|Any CPU
		{E09C18FC-77F4-3BF2-AAA5-53471742C3F0}.DebugGame Editor|Win64-arm64.ActiveCfg = Development|Any CPU
		{E09C18FC-77F4-3BF2-AAA5-53471742C3F0}.DebugGame Editor|Win64-arm64.Build.0 = Development|Any CPU
		{E09C18FC-77F4-3BF2-AAA5-53471742C3F0}.DebugGame Editor|Win64-arm64ec.ActiveCfg = Development|Any CPU
		{E09C18FC-77F4-3BF2-AAA5-53471742C3F0}.DebugGame Editor|Win64-arm64ec.Build.0 = Development|Any CPU
		{E09C18FC-77F4-3BF2-AAA5-53471742C3F0}.Development Editor|Win64.ActiveCfg = Development|Any CPU
		{E09C18FC-77F4-3BF2-AAA5-53471742C3F0}.Development Editor|Win64.Build.0 = Development|Any CPU
		{E09C18FC-77F4-3BF2-AAA5-53471742C3F0}.Development Editor|Win64-arm64.ActiveCfg = Development|Any CPU
		{E09C18FC-77F4-3BF2-AAA5-53471742C3F0}.Development Editor|Win64-arm64.Build.0 = Development|Any CPU
		{E09C18FC-77F4-3BF2-AAA5-53471742C3F0}.Development Editor|Win64-arm64ec.ActiveCfg = Development|Any CPU
		{E09C18FC-77F4-3BF2-AAA5-53471742C3F0}.Development Editor|Win64-arm64ec.Build.0 = Development|Any CPU
		{EAA758C7-D6B5-339C-9E43-39BFA67A6E53}.DebugGame Editor|Win64.ActiveCfg = Development|Any CPU
		{EAA758C7-D6B5-339C-9E43-39BFA67A6E53}.DebugGame Editor|Win64.Build.0 = Development|Any CPU
		{EAA758C7-D6B5-339C-9E43-39BFA67A6E53}.DebugGame Editor|Win64-arm64.ActiveCfg = Development|Any CPU
		{EAA758C7-D6B5-339C-9E43-39BFA67A6E53}.DebugGame Editor|Win64-arm64.Build.0 = Development|Any CPU
		{EAA758C7-D6B5-339C-9E43-39BFA67A6E53}.DebugGame Editor|Win64-arm64ec.ActiveCfg = Development|Any CPU
		{EAA758C7-D6B5-339C-9E43-39BFA67A6E53}.DebugGame Editor|Win64-arm64ec.Build.0 = Development|Any CPU
		{EAA758C7-D6B5-339C-9E43-39BFA67A6E53}.Development Editor|Win64.ActiveCfg = Development|Any CPU
		{EAA758C7-D6B5-339C-9E43-39BFA67A6E53}.Development Editor|Win64.Build.0 = Development|Any CPU
		{EAA758C7-D6B5-339C-9E43-39BFA67A6E53}.Development Editor|Win64-arm64.ActiveCfg = Development|Any CPU
		{EAA758C7-D6B5-339C-9E43-39BFA67A6E53}.Development Editor|Win64-arm64.Build.0 = Development|Any CPU
		{EAA758C7-D6B5-339C-9E43-39BFA67A6E53}.Development Editor|Win64-arm64ec.ActiveCfg = Development|Any CPU
		{EAA758C7-D6B5-339C-9E43-39BFA67A6E53}.Development Editor|Win64-arm64ec.Build.0 = Development|Any CPU
		{25302D97-0AE9-35F3-90BC-DB493B0386BF}.DebugGame Editor|Win64.ActiveCfg = Development|Any CPU
		{25302D97-0AE9-35F3-90BC-DB493B0386BF}.DebugGame Editor|Win64.Build.0 = Development|Any CPU
		{25302D97-0AE9-35F3-90BC-DB493B0386BF}.DebugGame Editor|Win64-arm64.ActiveCfg = Development|Any CPU
		{25302D97-0AE9-35F3-90BC-DB493B0386BF}.DebugGame Editor|Win64-arm64.Build.0 = Development|Any CPU
		{25302D97-0AE9-35F3-90BC-DB493B0386BF}.DebugGame Editor|Win64-arm64ec.ActiveCfg = Development|Any CPU
		{25302D97-0AE9-35F3-90BC-DB493B0386BF}.DebugGame Editor|Win64-arm64ec.Build.0 = Development|Any CPU
		{25302D97-0AE9-35F3-90BC-DB493B0386BF}.Development Editor|Win64.ActiveCfg = Development|Any CPU
		{25302D97-0AE9-35F3-90BC-DB493B0386BF}.Development Editor|Win64.Build.0 = Development|Any CPU
		{25302D97-0AE9-35F3-90BC-DB493B0386BF}.Development Editor|Win64-arm64.ActiveCfg = Development|Any CPU
		{25302D97-0AE9-35F3-90BC-DB493B0386BF}.Development Editor|Win64-arm64.Build.0 = Development|Any CPU
		{25302D97-0AE9-35F3-90BC-DB493B0386BF}.Development Editor|Win64-arm64ec.ActiveCfg = Development|Any CPU
		{25302D97-0AE9-35F3-90BC-DB493B0386BF}.Development Editor|Win64-arm64ec.Build.0 = Development|Any CPU
		{D09108D4-73D8-35CD-AB0A-B069C832DE1E}.DebugGame Editor|Win64.ActiveCfg = Development|Any CPU
		{D09108D4-73D8-35CD-AB0A-B069C832DE1E}.DebugGame Editor|Win64.Build.0 = Development|Any CPU
		{D09108D4-73D8-35CD-AB0A-B069C832DE1E}.DebugGame Editor|Win64-arm64.ActiveCfg = Development|Any CPU
		{D09108D4-73D8-35CD-AB0A-B069C832DE1E}.DebugGame Editor|Win64-arm64.Build.0 = Development|Any CPU
		{D09108D4-73D8-35CD-AB0A-B069C832DE1E}.DebugGame Editor|Win64-arm64ec.ActiveCfg = Development|Any CPU
		{D09108D4-73D8-35CD-AB0A-B069C832DE1E}.DebugGame Editor|Win64-arm64ec.Build.0 = Development|Any CPU
		{D09108D4-73D8-35CD-AB0A-B069C832DE1E}.Development Editor|Win64.ActiveCfg = Development|Any CPU
		{D09108D4-73D8-35CD-AB0A-B069C832DE1E}.Development Editor|Win64.Build.0 = Development|Any CPU
		{D09108D4-73D8-35CD-AB0A-B069C832DE1E}.Development Editor|Win64-arm64.ActiveCfg = Development|Any CPU
		{D09108D4-73D8-35CD-AB0A-B069C832DE1E}.Development Editor|Win64-arm64.Build.0 = Development|Any CPU
		{D09108D4-73D8-35CD-AB0A-B069C832DE1E}.Development Editor|Win64-arm64ec.ActiveCfg = Development|Any CPU
		{D09108D4-73D8-35CD-AB0A-B069C832DE1E}.Development Editor|Win64-arm64ec.Build.0 = Development|Any CPU
		{1D3BC437-07C8-3803-8BF7-99B474A31F40}.DebugGame Editor|Win64.ActiveCfg = Development|Any CPU
		{1D3BC437-07C8-3803-8BF7-99B474A31F40}.DebugGame Editor|Win64.Build.0 = Development|Any CPU
		{1D3BC437-07C8-3803-8BF7-99B474A31F40}.DebugGame Editor|Win64-arm64.ActiveCfg = Development|Any CPU
		{1D3BC437-07C8-3803-8BF7-99B474A31F40}.DebugGame Editor|Win64-arm64.Build.0 = Development|Any CPU
		{1D3BC437-07C8-3803-8BF7-99B474A31F40}.DebugGame Editor|Win64-arm64ec.ActiveCfg = Development|Any CPU
		{1D3BC437-07C8-3803-8BF7-99B474A31F40}.DebugGame Editor|Win64-arm64ec.Build.0 = Development|Any CPU
		{1D3BC437-07C8-3803-8BF7-99B474A31F40}.Development Editor|Win64.ActiveCfg = Development|Any CPU
		{1D3BC437-07C8-3803-8BF7-99B474A31F40}.Development Editor|Win64.Build.0 = Development|Any CPU
		{1D3BC437-07C8-3803-8BF7-99B474A31F40}.Development Editor|Win64-arm64.ActiveCfg = Development|Any CPU
		{1D3BC437-07C8-3803-8BF7-99B474A31F40}.Development Editor|Win64-arm64.Build.0 = Development|Any CPU
		{1D3BC437-07C8-3803-8BF7-99B474A31F40}.Development Editor|Win64-arm64ec.ActiveCfg = Development|Any CPU
		{1D3BC437-07C8-3803-8BF7-99B474A31F40}.Development Editor|Win64-arm64ec.Build.0 = Development|Any CPU
		{A689E81A-4CDF-3407-9898-03C754FC068E}.DebugGame Editor|Win64.ActiveCfg = Development|Any CPU
		{A689E81A-4CDF-3407-9898-03C754FC068E}.DebugGame Editor|Win64.Build.0 = Development|Any CPU
		{A689E81A-4CDF-3407-9898-03C754FC068E}.DebugGame Editor|Win64-arm64.ActiveCfg = Development|Any CPU
		{A689E81A-4CDF-3407-9898-03C754FC068E}.DebugGame Editor|Win64-arm64.Build.0 = Development|Any CPU
		{A689E81A-4CDF-3407-9898-03C754FC068E}.DebugGame Editor|Win64-arm64ec.ActiveCfg = Development|Any CPU
		{A689E81A-4CDF-3407-9898-03C754FC068E}.DebugGame Editor|Win64-arm64ec.Build.0 = Development|Any CPU
		{A689E81A-4CDF-3407-9898-03C754FC068E}.Development Editor|Win64.ActiveCfg = Development|Any CPU
		{A689E81A-4CDF-3407-9898-03C754FC068E}.Development Editor|Win64.Build.0 = Development|Any CPU
		{A689E81A-4CDF-3407-9898-03C754FC068E}.Development Editor|Win64-arm64.ActiveCfg = Development|Any CPU
		{A689E81A-4CDF-3407-9898-03C754FC068E}.Development Editor|Win64-arm64.Build.0 = Development|Any CPU
		{A689E81A-4CDF-3407-9898-03C754FC068E}.Development Editor|Win64-arm64ec.ActiveCfg = Development|Any CPU
		{A689E81A-4CDF-3407-9898-03C754FC068E}.Development Editor|Win64-arm64ec.Build.0 = Development|Any CPU
		{519551AC-5A58-3BFD-85DF-33CA4A3DBB58}.DebugGame Editor|Win64.ActiveCfg = Development|Any CPU
		{519551AC-5A58-3BFD-85DF-33CA4A3DBB58}.DebugGame Editor|Win64.Build.0 = Development|Any CPU
		{519551AC-5A58-3BFD-85DF-33CA4A3DBB58}.DebugGame Editor|Win64-arm64.ActiveCfg = Development|Any CPU
		{519551AC-5A58-3BFD-85DF-33CA4A3DBB58}.DebugGame Editor|Win64-arm64.Build.0 = Development|Any CPU
		{519551AC-5A58-3BFD-85DF-33CA4A3DBB58}.DebugGame Editor|Win64-arm64ec.ActiveCfg = Development|Any CPU
		{519551AC-5A58-3BFD-85DF-33CA4A3DBB58}.DebugGame Editor|Win64-arm64ec.Build.0 = Development|Any CPU
		{519551AC-5A58-3BFD-85DF-33CA4A3DBB58}.Development Editor|Win64.ActiveCfg = Development|Any CPU
		{519551AC-5A58-3BFD-85DF-33CA4A3DBB58}.Development Editor|Win64.Build.0 = Development|Any CPU
		{519551AC-5A58-3BFD-85DF-33CA4A3DBB58}.Development Editor|Win64-arm64.ActiveCfg = Development|Any CPU
		{519551AC-5A58-3BFD-85DF-33CA4A3DBB58}.Development Editor|Win64-arm64.Build.0 = Development|Any CPU
		{519551AC-5A58-3BFD-85DF-33CA4A3DBB58}.Development Editor|Win64-arm64ec.ActiveCfg = Development|Any CPU
		{519551AC-5A58-3BFD-85DF-33CA4A3DBB58}.Development Editor|Win64-arm64ec.Build.0 = Development|Any CPU
		{F46C3A7E-C1FC-3E8B-A3B9-E88D51FE342A}.DebugGame Editor|Win64.ActiveCfg = Development|Any CPU
		{F46C3A7E-C1FC-3E8B-A3B9-E88D51FE342A}.DebugGame Editor|Win64.Build.0 = Development|Any CPU
		{F46C3A7E-C1FC-3E8B-A3B9-E88D51FE342A}.DebugGame Editor|Win64-arm64.ActiveCfg = Development|Any CPU
		{F46C3A7E-C1FC-3E8B-A3B9-E88D51FE342A}.DebugGame Editor|Win64-arm64.Build.0 = Development|Any CPU
		{F46C3A7E-C1FC-3E8B-A3B9-E88D51FE342A}.DebugGame Editor|Win64-arm64ec.ActiveCfg = Development|Any CPU
		{F46C3A7E-C1FC-3E8B-A3B9-E88D51FE342A}.DebugGame Editor|Win64-arm64ec.Build.0 = Development|Any CPU
		{F46C3A7E-C1FC-3E8B-A3B9-E88D51FE342A}.Development Editor|Win64.ActiveCfg = Development|Any CPU
		{F46C3A7E-C1FC-3E8B-A3B9-E88D51FE342A}.Development Editor|Win64.Build.0 = Development|Any CPU
		{F46C3A7E-C1FC-3E8B-A3B9-E88D51FE342A}.Development Editor|Win64-arm64.ActiveCfg = Development|Any CPU
		{F46C3A7E-C1FC-3E8B-A3B9-E88D51FE342A}.Development Editor|Win64-arm64.Build.0 = Development|Any CPU
		{F46C3A7E-C1FC-3E8B-A3B9-E88D51FE342A}.Development Editor|Win64-arm64ec.ActiveCfg = Development|Any CPU
		{F46C3A7E-C1FC-3E8B-A3B9-E88D51FE342A}.Development Editor|Win64-arm64ec.Build.0 = Development|Any CPU
		{04A81862-1F05-31CD-BBD8-0DC530899DE3}.DebugGame Editor|Win64.ActiveCfg = Development|Any CPU
		{04A81862-1F05-31CD-BBD8-0DC530899DE3}.DebugGame Editor|Win64.Build.0 = Development|Any CPU
		{04A81862-1F05-31CD-BBD8-0DC530899DE3}.DebugGame Editor|Win64-arm64.ActiveCfg = Development|Any CPU
		{04A81862-1F05-31CD-BBD8-0DC530899DE3}.DebugGame Editor|Win64-arm64.Build.0 = Development|Any CPU
		{04A81862-1F05-31CD-BBD8-0DC530899DE3}.DebugGame Editor|Win64-arm64ec.ActiveCfg = Development|Any CPU
		{04A81862-1F05-31CD-BBD8-0DC530899DE3}.DebugGame Editor|Win64-arm64ec.Build.0 = Development|Any CPU
		{04A81862-1F05-31CD-BBD8-0DC530899DE3}.Development Editor|Win64.ActiveCfg = Development|Any CPU
		{04A81862-1F05-31CD-BBD8-0DC530899DE3}.Development Editor|Win64.Build.0 = Development|Any CPU
		{04A81862-1F05-31CD-BBD8-0DC530899DE3}.Development Editor|Win64-arm64.ActiveCfg = Development|Any CPU
		{04A81862-1F05-31CD-BBD8-0DC530899DE3}.Development Editor|Win64-arm64.Build.0 = Development|Any CPU
		{04A81862-1F05-31CD-BBD8-0DC530899DE3}.Development Editor|Win64-arm64ec.ActiveCfg = Development|Any CPU
		{04A81862-1F05-31CD-BBD8-0DC530899DE3}.Development Editor|Win64-arm64ec.Build.0 = Development|Any CPU
		{CF1679C3-1000-3171-9D20-5DF9F3886EFC}.DebugGame Editor|Win64.ActiveCfg = Development|Any CPU
		{CF1679C3-1000-3171-9D20-5DF9F3886EFC}.DebugGame Editor|Win64.Build.0 = Development|Any CPU
		{CF1679C3-1000-3171-9D20-5DF9F3886EFC}.DebugGame Editor|Win64-arm64.ActiveCfg = Development|Any CPU
		{CF1679C3-1000-3171-9D20-5DF9F3886EFC}.DebugGame Editor|Win64-arm64.Build.0 = Development|Any CPU
		{CF1679C3-1000-3171-9D20-5DF9F3886EFC}.DebugGame Editor|Win64-arm64ec.ActiveCfg = Development|Any CPU
		{CF1679C3-1000-3171-9D20-5DF9F3886EFC}.DebugGame Editor|Win64-arm64ec.Build.0 = Development|Any CPU
		{CF1679C3-1000-3171-9D20-5DF9F3886EFC}.Development Editor|Win64.ActiveCfg = Development|Any CPU
		{CF1679C3-1000-3171-9D20-5DF9F3886EFC}.Development Editor|Win64.Build.0 = Development|Any CPU
		{CF1679C3-1000-3171-9D20-5DF9F3886EFC}.Development Editor|Win64-arm64.ActiveCfg = Development|Any CPU
		{CF1679C3-1000-3171-9D20-5DF9F3886EFC}.Development Editor|Win64-arm64.Build.0 = Development|Any CPU
		{CF1679C3-1000-3171-9D20-5DF9F3886EFC}.Development Editor|Win64-arm64ec.ActiveCfg = Development|Any CPU
		{CF1679C3-1000-3171-9D20-5DF9F3886EFC}.Development Editor|Win64-arm64ec.Build.0 = Development|Any CPU
		{CE2EE04C-6129-3741-8B64-48F9D99DC92B}.DebugGame Editor|Win64.ActiveCfg = Development|Any CPU
		{CE2EE04C-6129-3741-8B64-48F9D99DC92B}.DebugGame Editor|Win64.Build.0 = Development|Any CPU
		{CE2EE04C-6129-3741-8B64-48F9D99DC92B}.DebugGame Editor|Win64-arm64.ActiveCfg = Development|Any CPU
		{CE2EE04C-6129-3741-8B64-48F9D99DC92B}.DebugGame Editor|Win64-arm64.Build.0 = Development|Any CPU
		{CE2EE04C-6129-3741-8B64-48F9D99DC92B}.DebugGame Editor|Win64-arm64ec.ActiveCfg = Development|Any CPU
		{CE2EE04C-6129-3741-8B64-48F9D99DC92B}.DebugGame Editor|Win64-arm64ec.Build.0 = Development|Any CPU
		{CE2EE04C-6129-3741-8B64-48F9D99DC92B}.Development Editor|Win64.ActiveCfg = Development|Any CPU
		{CE2EE04C-6129-3741-8B64-48F9D99DC92B}.Development Editor|Win64.Build.0 = Development|Any CPU
		{CE2EE04C-6129-3741-8B64-48F9D99DC92B}.Development Editor|Win64-arm64.ActiveCfg = Development|Any CPU
		{CE2EE04C-6129-3741-8B64-48F9D99DC92B}.Development Editor|Win64-arm64.Build.0 = Development|Any CPU
		{CE2EE04C-6129-3741-8B64-48F9D99DC92B}.Development Editor|Win64-arm64ec.ActiveCfg = Development|Any CPU
		{CE2EE04C-6129-3741-8B64-48F9D99DC92B}.Development Editor|Win64-arm64ec.Build.0 = Development|Any CPU
		{2DEBD17B-6179-3A5C-9424-09912DF853F5}.DebugGame Editor|Win64.ActiveCfg = Development|Any CPU
		{2DEBD17B-6179-3A5C-9424-09912DF853F5}.DebugGame Editor|Win64.Build.0 = Development|Any CPU
		{2DEBD17B-6179-3A5C-9424-09912DF853F5}.DebugGame Editor|Win64-arm64.ActiveCfg = Development|Any CPU
		{2DEBD17B-6179-3A5C-9424-09912DF853F5}.DebugGame Editor|Win64-arm64.Build.0 = Development|Any CPU
		{2DEBD17B-6179-3A5C-9424-09912DF853F5}.DebugGame Editor|Win64-arm64ec.ActiveCfg = Development|Any CPU
		{2DEBD17B-6179-3A5C-9424-09912DF853F5}.DebugGame Editor|Win64-arm64ec.Build.0 = Development|Any CPU
		{2DEBD17B-6179-3A5C-9424-09912DF853F5}.Development Editor|Win64.ActiveCfg = Development|Any CPU
		{2DEBD17B-6179-3A5C-9424-09912DF853F5}.Development Editor|Win64.Build.0 = Development|Any CPU
		{2DEBD17B-6179-3A5C-9424-09912DF853F5}.Development Editor|Win64-arm64.ActiveCfg = Development|Any CPU
		{2DEBD17B-6179-3A5C-9424-09912DF853F5}.Development Editor|Win64-arm64.Build.0 = Development|Any CPU
		{2DEBD17B-6179-3A5C-9424-09912DF853F5}.Development Editor|Win64-arm64ec.ActiveCfg = Development|Any CPU
		{2DEBD17B-6179-3A5C-9424-09912DF853F5}.Development Editor|Win64-arm64ec.Build.0 = Development|Any CPU
		{D5DA4203-E330-3241-9DF2-37A7CB3CAA4B}.DebugGame Editor|Win64.ActiveCfg = Development|Any CPU
		{D5DA4203-E330-3241-9DF2-37A7CB3CAA4B}.DebugGame Editor|Win64.Build.0 = Development|Any CPU
		{D5DA4203-E330-3241-9DF2-37A7CB3CAA4B}.DebugGame Editor|Win64-arm64.ActiveCfg = Development|Any CPU
		{D5DA4203-E330-3241-9DF2-37A7CB3CAA4B}.DebugGame Editor|Win64-arm64.Build.0 = Development|Any CPU
		{D5DA4203-E330-3241-9DF2-37A7CB3CAA4B}.DebugGame Editor|Win64-arm64ec.ActiveCfg = Development|Any CPU
		{D5DA4203-E330-3241-9DF2-37A7CB3CAA4B}.DebugGame Editor|Win64-arm64ec.Build.0 = Development|Any CPU
		{D5DA4203-E330-3241-9DF2-37A7CB3CAA4B}.Development Editor|Win64.ActiveCfg = Development|Any CPU
		{D5DA4203-E330-3241-9DF2-37A7CB3CAA4B}.Development Editor|Win64.Build.0 = Development|Any CPU
		{D5DA4203-E330-3241-9DF2-37A7CB3CAA4B}.Development Editor|Win64-arm64.ActiveCfg = Development|Any CPU
		{D5DA4203-E330-3241-9DF2-37A7CB3CAA4B}.Development Editor|Win64-arm64.Build.0 = Development|Any CPU
		{D5DA4203-E330-3241-9DF2-37A7CB3CAA4B}.Development Editor|Win64-arm64ec.ActiveCfg = Development|Any CPU
		{D5DA4203-E330-3241-9DF2-37A7CB3CAA4B}.Development Editor|Win64-arm64ec.Build.0 = Development|Any CPU
		{67E1BAFC-3D69-348D-AA78-239F402F18B5}.DebugGame Editor|Win64.ActiveCfg = Development|Any CPU
		{67E1BAFC-3D69-348D-AA78-239F402F18B5}.DebugGame Editor|Win64.Build.0 = Development|Any CPU
		{67E1BAFC-3D69-348D-AA78-239F402F18B5}.DebugGame Editor|Win64-arm64.ActiveCfg = Development|Any CPU
		{67E1BAFC-3D69-348D-AA78-239F402F18B5}.DebugGame Editor|Win64-arm64.Build.0 = Development|Any CPU
		{67E1BAFC-3D69-348D-AA78-239F402F18B5}.DebugGame Editor|Win64-arm64ec.ActiveCfg = Development|Any CPU
		{67E1BAFC-3D69-348D-AA78-239F402F18B5}.DebugGame Editor|Win64-arm64ec.Build.0 = Development|Any CPU
		{67E1BAFC-3D69-348D-AA78-239F402F18B5}.Development Editor|Win64.ActiveCfg = Development|Any CPU
		{67E1BAFC-3D69-348D-AA78-239F402F18B5}.Development Editor|Win64.Build.0 = Development|Any CPU
		{67E1BAFC-3D69-348D-AA78-239F402F18B5}.Development Editor|Win64-arm64.ActiveCfg = Development|Any CPU
		{67E1BAFC-3D69-348D-AA78-239F402F18B5}.Development Editor|Win64-arm64.Build.0 = Development|Any CPU
		{67E1BAFC-3D69-348D-AA78-239F402F18B5}.Development Editor|Win64-arm64ec.ActiveCfg = Development|Any CPU
		{67E1BAFC-3D69-348D-AA78-239F402F18B5}.Development Editor|Win64-arm64ec.Build.0 = Development|Any CPU
		{7C1B2579-FA79-3168-B40A-CFAFBFB5D2F7}.DebugGame Editor|Win64.ActiveCfg = Development|Any CPU
		{7C1B2579-FA79-3168-B40A-CFAFBFB5D2F7}.DebugGame Editor|Win64.Build.0 = Development|Any CPU
		{7C1B2579-FA79-3168-B40A-CFAFBFB5D2F7}.DebugGame Editor|Win64-arm64.ActiveCfg = Development|Any CPU
		{7C1B2579-FA79-3168-B40A-CFAFBFB5D2F7}.DebugGame Editor|Win64-arm64.Build.0 = Development|Any CPU
		{7C1B2579-FA79-3168-B40A-CFAFBFB5D2F7}.DebugGame Editor|Win64-arm64ec.ActiveCfg = Development|Any CPU
		{7C1B2579-FA79-3168-B40A-CFAFBFB5D2F7}.DebugGame Editor|Win64-arm64ec.Build.0 = Development|Any CPU
		{7C1B2579-FA79-3168-B40A-CFAFBFB5D2F7}.Development Editor|Win64.ActiveCfg = Development|Any CPU
		{7C1B2579-FA79-3168-B40A-CFAFBFB5D2F7}.Development Editor|Win64.Build.0 = Development|Any CPU
		{7C1B2579-FA79-3168-B40A-CFAFBFB5D2F7}.Development Editor|Win64-arm64.ActiveCfg = Development|Any CPU
		{7C1B2579-FA79-3168-B40A-CFAFBFB5D2F7}.Development Editor|Win64-arm64.Build.0 = Development|Any CPU
		{7C1B2579-FA79-3168-B40A-CFAFBFB5D2F7}.Development Editor|Win64-arm64ec.ActiveCfg = Development|Any CPU
		{7C1B2579-FA79-3168-B40A-CFAFBFB5D2F7}.Development Editor|Win64-arm64ec.Build.0 = Development|Any CPU
		{9CBA23D8-F603-376E-8FB9-6D21B82EC846}.DebugGame Editor|Win64.ActiveCfg = Development|Any CPU
		{9CBA23D8-F603-376E-8FB9-6D21B82EC846}.DebugGame Editor|Win64.Build.0 = Development|Any CPU
		{9CBA23D8-F603-376E-8FB9-6D21B82EC846}.DebugGame Editor|Win64-arm64.ActiveCfg = Development|Any CPU
		{9CBA23D8-F603-376E-8FB9-6D21B82EC846}.DebugGame Editor|Win64-arm64.Build.0 = Development|Any CPU
		{9CBA23D8-F603-376E-8FB9-6D21B82EC846}.DebugGame Editor|Win64-arm64ec.ActiveCfg = Development|Any CPU
		{9CBA23D8-F603-376E-8FB9-6D21B82EC846}.DebugGame Editor|Win64-arm64ec.Build.0 = Development|Any CPU
		{9CBA23D8-F603-376E-8FB9-6D21B82EC846}.Development Editor|Win64.ActiveCfg = Development|Any CPU
		{9CBA23D8-F603-376E-8FB9-6D21B82EC846}.Development Editor|Win64.Build.0 = Development|Any CPU
		{9CBA23D8-F603-376E-8FB9-6D21B82EC846}.Development Editor|Win64-arm64.ActiveCfg = Development|Any CPU
		{9CBA23D8-F603-376E-8FB9-6D21B82EC846}.Development Editor|Win64-arm64.Build.0 = Development|Any CPU
		{9CBA23D8-F603-376E-8FB9-6D21B82EC846}.Development Editor|Win64-arm64ec.ActiveCfg = Development|Any CPU
		{9CBA23D8-F603-376E-8FB9-6D21B82EC846}.Development Editor|Win64-arm64ec.Build.0 = Development|Any CPU
		{7FA9BAD8-9398-3E1E-B1C1-E2D146FE34F3}.DebugGame Editor|Win64.ActiveCfg = Development|Any CPU
		{7FA9BAD8-9398-3E1E-B1C1-E2D146FE34F3}.DebugGame Editor|Win64.Build.0 = Development|Any CPU
		{7FA9BAD8-9398-3E1E-B1C1-E2D146FE34F3}.DebugGame Editor|Win64-arm64.ActiveCfg = Development|Any CPU
		{7FA9BAD8-9398-3E1E-B1C1-E2D146FE34F3}.DebugGame Editor|Win64-arm64.Build.0 = Development|Any CPU
		{7FA9BAD8-9398-3E1E-B1C1-E2D146FE34F3}.DebugGame Editor|Win64-arm64ec.ActiveCfg = Development|Any CPU
		{7FA9BAD8-9398-3E1E-B1C1-E2D146FE34F3}.DebugGame Editor|Win64-arm64ec.Build.0 = Development|Any CPU
		{7FA9BAD8-9398-3E1E-B1C1-E2D146FE34F3}.Development Editor|Win64.ActiveCfg = Development|Any CPU
		{7FA9BAD8-9398-3E1E-B1C1-E2D146FE34F3}.Development Editor|Win64.Build.0 = Development|Any CPU
		{7FA9BAD8-9398-3E1E-B1C1-E2D146FE34F3}.Development Editor|Win64-arm64.ActiveCfg = Development|Any CPU
		{7FA9BAD8-9398-3E1E-B1C1-E2D146FE34F3}.Development Editor|Win64-arm64.Build.0 = Development|Any CPU
		{7FA9BAD8-9398-3E1E-B1C1-E2D146FE34F3}.Development Editor|Win64-arm64ec.ActiveCfg = Development|Any CPU
		{7FA9BAD8-9398-3E1E-B1C1-E2D146FE34F3}.Development Editor|Win64-arm64ec.Build.0 = Development|Any CPU
		{2743FFB8-4303-319C-9F5D-A1E6BB85F25C}.DebugGame Editor|Win64.ActiveCfg = Development|Any CPU
		{2743FFB8-4303-319C-9F5D-A1E6BB85F25C}.DebugGame Editor|Win64.Build.0 = Development|Any CPU
		{2743FFB8-4303-319C-9F5D-A1E6BB85F25C}.DebugGame Editor|Win64-arm64.ActiveCfg = Development|Any CPU
		{2743FFB8-4303-319C-9F5D-A1E6BB85F25C}.DebugGame Editor|Win64-arm64.Build.0 = Development|Any CPU
		{2743FFB8-4303-319C-9F5D-A1E6BB85F25C}.DebugGame Editor|Win64-arm64ec.ActiveCfg = Development|Any CPU
		{2743FFB8-4303-319C-9F5D-A1E6BB85F25C}.DebugGame Editor|Win64-arm64ec.Build.0 = Development|Any CPU
		{2743FFB8-4303-319C-9F5D-A1E6BB85F25C}.Development Editor|Win64.ActiveCfg = Development|Any CPU
		{2743FFB8-4303-319C-9F5D-A1E6BB85F25C}.Development Editor|Win64.Build.0 = Development|Any CPU
		{2743FFB8-4303-319C-9F5D-A1E6BB85F25C}.Development Editor|Win64-arm64.ActiveCfg = Development|Any CPU
		{2743FFB8-4303-319C-9F5D-A1E6BB85F25C}.Development Editor|Win64-arm64.Build.0 = Development|Any CPU
		{2743FFB8-4303-319C-9F5D-A1E6BB85F25C}.Development Editor|Win64-arm64ec.ActiveCfg = Development|Any CPU
		{2743FFB8-4303-319C-9F5D-A1E6BB85F25C}.Development Editor|Win64-arm64ec.Build.0 = Development|Any CPU
		{8552433C-2E14-31EB-BE5C-9DD200591865}.DebugGame Editor|Win64.ActiveCfg = Development|Any CPU
		{8552433C-2E14-31EB-BE5C-9DD200591865}.DebugGame Editor|Win64.Build.0 = Development|Any CPU
		{8552433C-2E14-31EB-BE5C-9DD200591865}.DebugGame Editor|Win64-arm64.ActiveCfg = Development|Any CPU
		{8552433C-2E14-31EB-BE5C-9DD200591865}.DebugGame Editor|Win64-arm64.Build.0 = Development|Any CPU
		{8552433C-2E14-31EB-BE5C-9DD200591865}.DebugGame Editor|Win64-arm64ec.ActiveCfg = Development|Any CPU
		{8552433C-2E14-31EB-BE5C-9DD200591865}.DebugGame Editor|Win64-arm64ec.Build.0 = Development|Any CPU
		{8552433C-2E14-31EB-BE5C-9DD200591865}.Development Editor|Win64.ActiveCfg = Development|Any CPU
		{8552433C-2E14-31EB-BE5C-9DD200591865}.Development Editor|Win64.Build.0 = Development|Any CPU
		{8552433C-2E14-31EB-BE5C-9DD200591865}.Development Editor|Win64-arm64.ActiveCfg = Development|Any CPU
		{8552433C-2E14-31EB-BE5C-9DD200591865}.Development Editor|Win64-arm64.Build.0 = Development|Any CPU
		{8552433C-2E14-31EB-BE5C-9DD200591865}.Development Editor|Win64-arm64ec.ActiveCfg = Development|Any CPU
		{8552433C-2E14-31EB-BE5C-9DD200591865}.Development Editor|Win64-arm64ec.Build.0 = Development|Any CPU
		{2F5B69E7-43FF-36C0-9E3C-06DC889DC4FA}.DebugGame Editor|Win64.ActiveCfg = Development|Any CPU
		{2F5B69E7-43FF-36C0-9E3C-06DC889DC4FA}.DebugGame Editor|Win64.Build.0 = Development|Any CPU
		{2F5B69E7-43FF-36C0-9E3C-06DC889DC4FA}.DebugGame Editor|Win64-arm64.ActiveCfg = Development|Any CPU
		{2F5B69E7-43FF-36C0-9E3C-06DC889DC4FA}.DebugGame Editor|Win64-arm64.Build.0 = Development|Any CPU
		{2F5B69E7-43FF-36C0-9E3C-06DC889DC4FA}.DebugGame Editor|Win64-arm64ec.ActiveCfg = Development|Any CPU
		{2F5B69E7-43FF-36C0-9E3C-06DC889DC4FA}.DebugGame Editor|Win64-arm64ec.Build.0 = Development|Any CPU
		{2F5B69E7-43FF-36C0-9E3C-06DC889DC4FA}.Development Editor|Win64.ActiveCfg = Development|Any CPU
		{2F5B69E7-43FF-36C0-9E3C-06DC889DC4FA}.Development Editor|Win64.Build.0 = Development|Any CPU
		{2F5B69E7-43FF-36C0-9E3C-06DC889DC4FA}.Development Editor|Win64-arm64.ActiveCfg = Development|Any CPU
		{2F5B69E7-43FF-36C0-9E3C-06DC889DC4FA}.Development Editor|Win64-arm64.Build.0 = Development|Any CPU
		{2F5B69E7-43FF-36C0-9E3C-06DC889DC4FA}.Development Editor|Win64-arm64ec.ActiveCfg = Development|Any CPU
		{2F5B69E7-43FF-36C0-9E3C-06DC889DC4FA}.Development Editor|Win64-arm64ec.Build.0 = Development|Any CPU
		{E55F4455-5E92-311D-A5FA-D99A979C1974}.DebugGame Editor|Win64.ActiveCfg = Development|Any CPU
		{E55F4455-5E92-311D-A5FA-D99A979C1974}.DebugGame Editor|Win64.Build.0 = Development|Any CPU
		{E55F4455-5E92-311D-A5FA-D99A979C1974}.DebugGame Editor|Win64-arm64.ActiveCfg = Development|Any CPU
		{E55F4455-5E92-311D-A5FA-D99A979C1974}.DebugGame Editor|Win64-arm64.Build.0 = Development|Any CPU
		{E55F4455-5E92-311D-A5FA-D99A979C1974}.DebugGame Editor|Win64-arm64ec.ActiveCfg = Development|Any CPU
		{E55F4455-5E92-311D-A5FA-D99A979C1974}.DebugGame Editor|Win64-arm64ec.Build.0 = Development|Any CPU
		{E55F4455-5E92-311D-A5FA-D99A979C1974}.Development Editor|Win64.ActiveCfg = Development|Any CPU
		{E55F4455-5E92-311D-A5FA-D99A979C1974}.Development Editor|Win64.Build.0 = Development|Any CPU
		{E55F4455-5E92-311D-A5FA-D99A979C1974}.Development Editor|Win64-arm64.ActiveCfg = Development|Any CPU
		{E55F4455-5E92-311D-A5FA-D99A979C1974}.Development Editor|Win64-arm64.Build.0 = Development|Any CPU
		{E55F4455-5E92-311D-A5FA-D99A979C1974}.Development Editor|Win64-arm64ec.ActiveCfg = Development|Any CPU
		{E55F4455-5E92-311D-A5FA-D99A979C1974}.Development Editor|Win64-arm64ec.Build.0 = Development|Any CPU
		{159C0D02-8C9F-36F9-AB6E-7FA02B6A528A}.DebugGame Editor|Win64.ActiveCfg = Development|Any CPU
		{159C0D02-8C9F-36F9-AB6E-7FA02B6A528A}.DebugGame Editor|Win64.Build.0 = Development|Any CPU
		{159C0D02-8C9F-36F9-AB6E-7FA02B6A528A}.DebugGame Editor|Win64-arm64.ActiveCfg = Development|Any CPU
		{159C0D02-8C9F-36F9-AB6E-7FA02B6A528A}.DebugGame Editor|Win64-arm64.Build.0 = Development|Any CPU
		{159C0D02-8C9F-36F9-AB6E-7FA02B6A528A}.DebugGame Editor|Win64-arm64ec.ActiveCfg = Development|Any CPU
		{159C0D02-8C9F-36F9-AB6E-7FA02B6A528A}.DebugGame Editor|Win64-arm64ec.Build.0 = Development|Any CPU
		{159C0D02-8C9F-36F9-AB6E-7FA02B6A528A}.Development Editor|Win64.ActiveCfg = Development|Any CPU
		{159C0D02-8C9F-36F9-AB6E-7FA02B6A528A}.Development Editor|Win64.Build.0 = Development|Any CPU
		{159C0D02-8C9F-36F9-AB6E-7FA02B6A528A}.Development Editor|Win64-arm64.ActiveCfg = Development|Any CPU
		{159C0D02-8C9F-36F9-AB6E-7FA02B6A528A}.Development Editor|Win64-arm64.Build.0 = Development|Any CPU
		{159C0D02-8C9F-36F9-AB6E-7FA02B6A528A}.Development Editor|Win64-arm64ec.ActiveCfg = Development|Any CPU
		{159C0D02-8C9F-36F9-AB6E-7FA02B6A528A}.Development Editor|Win64-arm64ec.Build.0 = Development|Any CPU
		{BDD0A950-AEA3-329C-8FC4-B17422A2AA78}.DebugGame Editor|Win64.ActiveCfg = Development|Any CPU
		{BDD0A950-AEA3-329C-8FC4-B17422A2AA78}.DebugGame Editor|Win64.Build.0 = Development|Any CPU
		{BDD0A950-AEA3-329C-8FC4-B17422A2AA78}.DebugGame Editor|Win64-arm64.ActiveCfg = Development|Any CPU
		{BDD0A950-AEA3-329C-8FC4-B17422A2AA78}.DebugGame Editor|Win64-arm64.Build.0 = Development|Any CPU
		{BDD0A950-AEA3-329C-8FC4-B17422A2AA78}.DebugGame Editor|Win64-arm64ec.ActiveCfg = Development|Any CPU
		{BDD0A950-AEA3-329C-8FC4-B17422A2AA78}.DebugGame Editor|Win64-arm64ec.Build.0 = Development|Any CPU
		{BDD0A950-AEA3-329C-8FC4-B17422A2AA78}.Development Editor|Win64.ActiveCfg = Development|Any CPU
		{BDD0A950-AEA3-329C-8FC4-B17422A2AA78}.Development Editor|Win64.Build.0 = Development|Any CPU
		{BDD0A950-AEA3-329C-8FC4-B17422A2AA78}.Development Editor|Win64-arm64.ActiveCfg = Development|Any CPU
		{BDD0A950-AEA3-329C-8FC4-B17422A2AA78}.Development Editor|Win64-arm64.Build.0 = Development|Any CPU
		{BDD0A950-AEA3-329C-8FC4-B17422A2AA78}.Development Editor|Win64-arm64ec.ActiveCfg = Development|Any CPU
		{BDD0A950-AEA3-329C-8FC4-B17422A2AA78}.Development Editor|Win64-arm64ec.Build.0 = Development|Any CPU
		{860AB34C-C627-35E3-BF01-3192BB2E7039}.DebugGame Editor|Win64.ActiveCfg = Development|Any CPU
		{860AB34C-C627-35E3-BF01-3192BB2E7039}.DebugGame Editor|Win64.Build.0 = Development|Any CPU
		{860AB34C-C627-35E3-BF01-3192BB2E7039}.DebugGame Editor|Win64-arm64.ActiveCfg = Development|Any CPU
		{860AB34C-C627-35E3-BF01-3192BB2E7039}.DebugGame Editor|Win64-arm64.Build.0 = Development|Any CPU
		{860AB34C-C627-35E3-BF01-3192BB2E7039}.DebugGame Editor|Win64-arm64ec.ActiveCfg = Development|Any CPU
		{860AB34C-C627-35E3-BF01-3192BB2E7039}.DebugGame Editor|Win64-arm64ec.Build.0 = Development|Any CPU
		{860AB34C-C627-35E3-BF01-3192BB2E7039}.Development Editor|Win64.ActiveCfg = Development|Any CPU
		{860AB34C-C627-35E3-BF01-3192BB2E7039}.Development Editor|Win64.Build.0 = Development|Any CPU
		{860AB34C-C627-35E3-BF01-3192BB2E7039}.Development Editor|Win64-arm64.ActiveCfg = Development|Any CPU
		{860AB34C-C627-35E3-BF01-3192BB2E7039}.Development Editor|Win64-arm64.Build.0 = Development|Any CPU
		{860AB34C-C627-35E3-BF01-3192BB2E7039}.Development Editor|Win64-arm64ec.ActiveCfg = Development|Any CPU
		{860AB34C-C627-35E3-BF01-3192BB2E7039}.Development Editor|Win64-arm64ec.Build.0 = Development|Any CPU
		{B2D67001-C3B1-30E9-8146-677FD1D4324F}.DebugGame Editor|Win64.ActiveCfg = Development|Any CPU
		{B2D67001-C3B1-30E9-8146-677FD1D4324F}.DebugGame Editor|Win64.Build.0 = Development|Any CPU
		{B2D67001-C3B1-30E9-8146-677FD1D4324F}.DebugGame Editor|Win64-arm64.ActiveCfg = Development|Any CPU
		{B2D67001-C3B1-30E9-8146-677FD1D4324F}.DebugGame Editor|Win64-arm64.Build.0 = Development|Any CPU
		{B2D67001-C3B1-30E9-8146-677FD1D4324F}.DebugGame Editor|Win64-arm64ec.ActiveCfg = Development|Any CPU
		{B2D67001-C3B1-30E9-8146-677FD1D4324F}.DebugGame Editor|Win64-arm64ec.Build.0 = Development|Any CPU
		{B2D67001-C3B1-30E9-8146-677FD1D4324F}.Development Editor|Win64.ActiveCfg = Development|Any CPU
		{B2D67001-C3B1-30E9-8146-677FD1D4324F}.Development Editor|Win64.Build.0 = Development|Any CPU
		{B2D67001-C3B1-30E9-8146-677FD1D4324F}.Development Editor|Win64-arm64.ActiveCfg = Development|Any CPU
		{B2D67001-C3B1-30E9-8146-677FD1D4324F}.Development Editor|Win64-arm64.Build.0 = Development|Any CPU
		{B2D67001-C3B1-30E9-8146-677FD1D4324F}.Development Editor|Win64-arm64ec.ActiveCfg = Development|Any CPU
		{B2D67001-C3B1-30E9-8146-677FD1D4324F}.Development Editor|Win64-arm64ec.Build.0 = Development|Any CPU
		{28354FCF-230F-3560-BA0E-1E3634AB2728}.DebugGame Editor|Win64.ActiveCfg = Development|Any CPU
		{28354FCF-230F-3560-BA0E-1E3634AB2728}.DebugGame Editor|Win64.Build.0 = Development|Any CPU
		{28354FCF-230F-3560-BA0E-1E3634AB2728}.DebugGame Editor|Win64-arm64.ActiveCfg = Development|Any CPU
		{28354FCF-230F-3560-BA0E-1E3634AB2728}.DebugGame Editor|Win64-arm64.Build.0 = Development|Any CPU
		{28354FCF-230F-3560-BA0E-1E3634AB2728}.DebugGame Editor|Win64-arm64ec.ActiveCfg = Development|Any CPU
		{28354FCF-230F-3560-BA0E-1E3634AB2728}.DebugGame Editor|Win64-arm64ec.Build.0 = Development|Any CPU
		{28354FCF-230F-3560-BA0E-1E3634AB2728}.Development Editor|Win64.ActiveCfg = Development|Any CPU
		{28354FCF-230F-3560-BA0E-1E3634AB2728}.Development Editor|Win64.Build.0 = Development|Any CPU
		{28354FCF-230F-3560-BA0E-1E3634AB2728}.Development Editor|Win64-arm64.ActiveCfg = Development|Any CPU
		{28354FCF-230F-3560-BA0E-1E3634AB2728}.Development Editor|Win64-arm64.Build.0 = Development|Any CPU
		{28354FCF-230F-3560-BA0E-1E3634AB2728}.Development Editor|Win64-arm64ec.ActiveCfg = Development|Any CPU
		{28354FCF-230F-3560-BA0E-1E3634AB2728}.Development Editor|Win64-arm64ec.Build.0 = Development|Any CPU
		{B6C80E45-C03F-3B91-A347-4DDD24439292}.DebugGame Editor|Win64.ActiveCfg = Development|Any CPU
		{B6C80E45-C03F-3B91-A347-4DDD24439292}.DebugGame Editor|Win64.Build.0 = Development|Any CPU
		{B6C80E45-C03F-3B91-A347-4DDD24439292}.DebugGame Editor|Win64-arm64.ActiveCfg = Development|Any CPU
		{B6C80E45-C03F-3B91-A347-4DDD24439292}.DebugGame Editor|Win64-arm64.Build.0 = Development|Any CPU
		{B6C80E45-C03F-3B91-A347-4DDD24439292}.DebugGame Editor|Win64-arm64ec.ActiveCfg = Development|Any CPU
		{B6C80E45-C03F-3B91-A347-4DDD24439292}.DebugGame Editor|Win64-arm64ec.Build.0 = Development|Any CPU
		{B6C80E45-C03F-3B91-A347-4DDD24439292}.Development Editor|Win64.ActiveCfg = Development|Any CPU
		{B6C80E45-C03F-3B91-A347-4DDD24439292}.Development Editor|Win64.Build.0 = Development|Any CPU
		{B6C80E45-C03F-3B91-A347-4DDD24439292}.Development Editor|Win64-arm64.ActiveCfg = Development|Any CPU
		{B6C80E45-C03F-3B91-A347-4DDD24439292}.Development Editor|Win64-arm64.Build.0 = Development|Any CPU
		{B6C80E45-C03F-3B91-A347-4DDD24439292}.Development Editor|Win64-arm64ec.ActiveCfg = Development|Any CPU
		{B6C80E45-C03F-3B91-A347-4DDD24439292}.Development Editor|Win64-arm64ec.Build.0 = Development|Any CPU
		{E5ABB1E6-BD52-3D2C-9AB9-69DF378E0F61}.DebugGame Editor|Win64.ActiveCfg = Development|Any CPU
		{E5ABB1E6-BD52-3D2C-9AB9-69DF378E0F61}.DebugGame Editor|Win64.Build.0 = Development|Any CPU
		{E5ABB1E6-BD52-3D2C-9AB9-69DF378E0F61}.DebugGame Editor|Win64-arm64.ActiveCfg = Development|Any CPU
		{E5ABB1E6-BD52-3D2C-9AB9-69DF378E0F61}.DebugGame Editor|Win64-arm64.Build.0 = Development|Any CPU
		{E5ABB1E6-BD52-3D2C-9AB9-69DF378E0F61}.DebugGame Editor|Win64-arm64ec.ActiveCfg = Development|Any CPU
		{E5ABB1E6-BD52-3D2C-9AB9-69DF378E0F61}.DebugGame Editor|Win64-arm64ec.Build.0 = Development|Any CPU
		{E5ABB1E6-BD52-3D2C-9AB9-69DF378E0F61}.Development Editor|Win64.ActiveCfg = Development|Any CPU
		{E5ABB1E6-BD52-3D2C-9AB9-69DF378E0F61}.Development Editor|Win64.Build.0 = Development|Any CPU
		{E5ABB1E6-BD52-3D2C-9AB9-69DF378E0F61}.Development Editor|Win64-arm64.ActiveCfg = Development|Any CPU
		{E5ABB1E6-BD52-3D2C-9AB9-69DF378E0F61}.Development Editor|Win64-arm64.Build.0 = Development|Any CPU
		{E5ABB1E6-BD52-3D2C-9AB9-69DF378E0F61}.Development Editor|Win64-arm64ec.ActiveCfg = Development|Any CPU
		{E5ABB1E6-BD52-3D2C-9AB9-69DF378E0F61}.Development Editor|Win64-arm64ec.Build.0 = Development|Any CPU
	EndGlobalSection
	GlobalSection(SolutionProperties) = preSolution
		HideSolutionNode = FALSE
	EndGlobalSection
	GlobalSection(NestedProjects) = preSolution
		{B5B954C0-AF1D-30FF-AA90-839B8B47014D} = {233774A8-CC9D-3FA9-86D1-90573E92B704}
		{F0B2A378-B6E7-3699-815F-19E84D6A0DD6} = {DE1F8B53-6C02-3C13-9101-A7C8D96F3FF6}
		{2546A7FF-78C8-364B-A5CF-8F828C3F32C9} = {A338B9E2-A559-34BE-A46D-F789DD488FAD}
		{3B5E71E9-2157-3F30-A255-746C16BC98FC} = {A338B9E2-A559-34BE-A46D-F789DD488FAD}
		{0BFBE63A-B98A-3411-8EEB-8918FEC737B3} = {A338B9E2-A559-34BE-A46D-F789DD488FAD}
		{7B5CFB44-F0FB-31DF-AE62-C3C096A29A7B} = {A338B9E2-A559-34BE-A46D-F789DD488FAD}
		{57713676-9DBE-331C-AD10-26632AC9EE0C} = {A338B9E2-A559-34BE-A46D-F789DD488FAD}
		{C68D4DDE-F0CF-3E70-9D1F-06421903C022} = {0BFBE63A-B98A-3411-8EEB-8918FEC737B3}
		{E644A338-8A46-3AC0-9359-073385C0E394} = {0BFBE63A-B98A-3411-8EEB-8918FEC737B3}
		{45401654-6855-3B74-9861-2A75E421F608} = {0BFBE63A-B98A-3411-8EEB-8918FEC737B3}
		{BDA2CC55-790D-3365-A6BE-7F2D6AAD9C2F} = {0BFBE63A-B98A-3411-8EEB-8918FEC737B3}
		{AF32ECA3-30D8-3250-B628-6E75A6CD5072} = {0BFBE63A-B98A-3411-8EEB-8918FEC737B3}
		{584C6645-53F0-332E-9033-6E6AA74A6F7F} = {0BFBE63A-B98A-3411-8EEB-8918FEC737B3}
		{64886482-11B6-34F1-9D59-7E2E5609C327} = {0BFBE63A-B98A-3411-8EEB-8918FEC737B3}
		{2AF50F20-305D-3CFB-AA39-472BFC1D9000} = {0BFBE63A-B98A-3411-8EEB-8918FEC737B3}
		{72C25C5B-D695-3337-B86D-5E424BD257EE} = {0BFBE63A-B98A-3411-8EEB-8918FEC737B3}
		{FE1AFD7D-6255-3E34-B5EA-8F247173BA08} = {0BFBE63A-B98A-3411-8EEB-8918FEC737B3}
		{3831C2E0-5CE6-38EE-A9B3-374B8CF80794} = {0BFBE63A-B98A-3411-8EEB-8918FEC737B3}
		{92D97D96-F3FB-32B5-BFBC-CF98847FE66B} = {0BFBE63A-B98A-3411-8EEB-8918FEC737B3}
		{F9111F37-77BA-36CB-BF0A-EBEF5F15DC3B} = {0BFBE63A-B98A-3411-8EEB-8918FEC737B3}
		{41BE2E5D-7EC6-3159-97AA-118B6CD4906D} = {0BFBE63A-B98A-3411-8EEB-8918FEC737B3}
		{84EB63DC-25CD-38D3-AE67-3293685D4BE7} = {0BFBE63A-B98A-3411-8EEB-8918FEC737B3}
		{2D7128ED-C2E5-3AF8-AEC9-29773B755C35} = {0BFBE63A-B98A-3411-8EEB-8918FEC737B3}
		{0E9FF09D-6FD2-3588-A313-111BFCBE1511} = {0BFBE63A-B98A-3411-8EEB-8918FEC737B3}
		{5E939C44-0EED-3DA7-850B-5718E5A78B7C} = {0BFBE63A-B98A-3411-8EEB-8918FEC737B3}
		{CC5534D2-9AC1-3EB3-9A86-27E7D52D1C68} = {0BFBE63A-B98A-3411-8EEB-8918FEC737B3}
		{2AF9FB07-0E40-3B3A-B09C-5D5FF9967EFC} = {0BFBE63A-B98A-3411-8EEB-8918FEC737B3}
		{E09C18FC-77F4-3BF2-AAA5-53471742C3F0} = {0BFBE63A-B98A-3411-8EEB-8918FEC737B3}
		{EAA758C7-D6B5-339C-9E43-39BFA67A6E53} = {0BFBE63A-B98A-3411-8EEB-8918FEC737B3}
		{25302D97-0AE9-35F3-90BC-DB493B0386BF} = {0BFBE63A-B98A-3411-8EEB-8918FEC737B3}
		{D09108D4-73D8-35CD-AB0A-B069C832DE1E} = {7B5CFB44-F0FB-31DF-AE62-C3C096A29A7B}
		{1D3BC437-07C8-3803-8BF7-99B474A31F40} = {57713676-9DBE-331C-AD10-26632AC9EE0C}
		{A689E81A-4CDF-3407-9898-03C754FC068E} = {57713676-9DBE-331C-AD10-26632AC9EE0C}
		{519551AC-5A58-3BFD-85DF-33CA4A3DBB58} = {57713676-9DBE-331C-AD10-26632AC9EE0C}
		{F46C3A7E-C1FC-3E8B-A3B9-E88D51FE342A} = {57713676-9DBE-331C-AD10-26632AC9EE0C}
		{04A81862-1F05-31CD-BBD8-0DC530899DE3} = {57713676-9DBE-331C-AD10-26632AC9EE0C}
		{CF1679C3-1000-3171-9D20-5DF9F3886EFC} = {57713676-9DBE-331C-AD10-26632AC9EE0C}
		{CE2EE04C-6129-3741-8B64-48F9D99DC92B} = {57713676-9DBE-331C-AD10-26632AC9EE0C}
		{2DEBD17B-6179-3A5C-9424-09912DF853F5} = {57713676-9DBE-331C-AD10-26632AC9EE0C}
		{D5DA4203-E330-3241-9DF2-37A7CB3CAA4B} = {57713676-9DBE-331C-AD10-26632AC9EE0C}
		{67E1BAFC-3D69-348D-AA78-239F402F18B5} = {57713676-9DBE-331C-AD10-26632AC9EE0C}
		{7C1B2579-FA79-3168-B40A-CFAFBFB5D2F7} = {57713676-9DBE-331C-AD10-26632AC9EE0C}
		{9CBA23D8-F603-376E-8FB9-6D21B82EC846} = {57713676-9DBE-331C-AD10-26632AC9EE0C}
		{7FA9BAD8-9398-3E1E-B1C1-E2D146FE34F3} = {57713676-9DBE-331C-AD10-26632AC9EE0C}
		{2743FFB8-4303-319C-9F5D-A1E6BB85F25C} = {57713676-9DBE-331C-AD10-26632AC9EE0C}
		{8552433C-2E14-31EB-BE5C-9DD200591865} = {57713676-9DBE-331C-AD10-26632AC9EE0C}
		{2F5B69E7-43FF-36C0-9E3C-06DC889DC4FA} = {57713676-9DBE-331C-AD10-26632AC9EE0C}
		{E55F4455-5E92-311D-A5FA-D99A979C1974} = {57713676-9DBE-331C-AD10-26632AC9EE0C}
		{159C0D02-8C9F-36F9-AB6E-7FA02B6A528A} = {57713676-9DBE-331C-AD10-26632AC9EE0C}
		{BDD0A950-AEA3-329C-8FC4-B17422A2AA78} = {57713676-9DBE-331C-AD10-26632AC9EE0C}
		{860AB34C-C627-35E3-BF01-3192BB2E7039} = {57713676-9DBE-331C-AD10-26632AC9EE0C}
		{B2D67001-C3B1-30E9-8146-677FD1D4324F} = {57713676-9DBE-331C-AD10-26632AC9EE0C}
		{28354FCF-230F-3560-BA0E-1E3634AB2728} = {C2F57ECE-B26F-39D8-BDA7-C1D40BD8F180}
		{B6C80E45-C03F-3B91-A347-4DDD24439292} = {C2F57ECE-B26F-39D8-BDA7-C1D40BD8F180}
		{E5ABB1E6-BD52-3D2C-9AB9-69DF378E0F61} = {C2F57ECE-B26F-39D8-BDA7-C1D40BD8F180}
	EndGlobalSection
EndGlobal
